// !$*UTF8*$!
{
	archiveVersion = 1;
	classes = {
	};
	objectVersion = 46;
	objects = {

/* Begin PBXBuildFile section */
		0D02C3E71D8A83360097F8F1 /* main.cpp in Sources */ = {isa = PBXBuildFile; fileRef = 0D02C3E61D8A83360097F8F1 /* main.cpp */; };
		0D1E8F301D96454300620688 /* ShaderLoader.cpp in Sources */ = {isa = PBXBuildFile; fileRef = 0D1E8F2E1D96454300620688 /* ShaderLoader.cpp */; };
		0D94B7331D8A9C1900422BD9 /* Window.cpp in Sources */ = {isa = PBXBuildFile; fileRef = 0D94B7311D8A9C1900422BD9 /* Window.cpp */; };
		0D94B73A1D8AE64700422BD9 /* GameManager.cpp in Sources */ = {isa = PBXBuildFile; fileRef = 0D94B7381D8AE64700422BD9 /* GameManager.cpp */; };
		0DBF5D131D951F5A00A037BA /* FPSCounter.cpp in Sources */ = {isa = PBXBuildFile; fileRef = 0DBF5D121D951F5A00A037BA /* FPSCounter.cpp */; };
		0DBF5D171D95211800A037BA /* Square.cpp in Sources */ = {isa = PBXBuildFile; fileRef = 0DBF5D151D95211800A037BA /* Square.cpp */; };
		0DBF5D211D95237700A037BA /* BaseObject.cpp in Sources */ = {isa = PBXBuildFile; fileRef = 0DBF5D1F1D95237700A037BA /* BaseObject.cpp */; };
/* End PBXBuildFile section */

/* Begin PBXCopyFilesBuildPhase section */
		0D02C3E11D8A83360097F8F1 /* CopyFiles */ = {
			isa = PBXCopyFilesBuildPhase;
			buildActionMask = 2147483647;
			dstPath = /usr/share/man/man1/;
			dstSubfolderSpec = 0;
			files = (
			);
			runOnlyForDeploymentPostprocessing = 1;
		};
/* End PBXCopyFilesBuildPhase section */

/* Begin PBXFileReference section */
		0D02C3E31D8A83360097F8F1 /* BilliardsGL */ = {isa = PBXFileReference; explicitFileType = "compiled.mach-o.executable"; includeInIndex = 0; path = BilliardsGL; sourceTree = BUILT_PRODUCTS_DIR; };
		0D02C3E61D8A83360097F8F1 /* main.cpp */ = {isa = PBXFileReference; lastKnownFileType = sourcecode.cpp.cpp; path = main.cpp; sourceTree = "<group>"; };
		0D1E8F2E1D96454300620688 /* ShaderLoader.cpp */ = {isa = PBXFileReference; fileEncoding = 4; lastKnownFileType = sourcecode.cpp.cpp; path = ShaderLoader.cpp; sourceTree = "<group>"; };
		0D1E8F2F1D96454300620688 /* ShaderLoader.hpp */ = {isa = PBXFileReference; fileEncoding = 4; lastKnownFileType = sourcecode.cpp.h; path = ShaderLoader.hpp; sourceTree = "<group>"; };
		0D94B72E1D8A971E00422BD9 /* point.vert */ = {isa = PBXFileReference; fileEncoding = 4; lastKnownFileType = sourcecode.glsl; name = point.vert; path = ../../../colopl/BilliardsGL/BilliardsGL/point.vert; sourceTree = "<group>"; };
		0D94B72F1D8A972800422BD9 /* point.frag */ = {isa = PBXFileReference; fileEncoding = 4; lastKnownFileType = sourcecode.glsl; path = point.frag; sourceTree = "<group>"; };
		0D94B7311D8A9C1900422BD9 /* Window.cpp */ = {isa = PBXFileReference; fileEncoding = 4; lastKnownFileType = sourcecode.cpp.cpp; name = Window.cpp; path = ../../../colopl/BilliardsGL/BilliardsGL/Window.cpp; sourceTree = "<group>"; };
		0D94B7321D8A9C1900422BD9 /* Window.hpp */ = {isa = PBXFileReference; fileEncoding = 4; lastKnownFileType = sourcecode.cpp.h; name = Window.hpp; path = ../../../colopl/BilliardsGL/BilliardsGL/Window.hpp; sourceTree = "<group>"; };
		0D94B7351D8A9C7600422BD9 /* GlobalHeader.h */ = {isa = PBXFileReference; lastKnownFileType = sourcecode.c.h; path = GlobalHeader.h; sourceTree = "<group>"; };
		0D94B7381D8AE64700422BD9 /* GameManager.cpp */ = {isa = PBXFileReference; fileEncoding = 4; lastKnownFileType = sourcecode.cpp.cpp; name = GameManager.cpp; path = ../../../colopl/BilliardsGL/BilliardsGL/GameManager.cpp; sourceTree = "<group>"; };
		0D94B7391D8AE64700422BD9 /* GameManager.hpp */ = {isa = PBXFileReference; fileEncoding = 4; lastKnownFileType = sourcecode.cpp.h; name = GameManager.hpp; path = ../../../colopl/BilliardsGL/BilliardsGL/GameManager.hpp; sourceTree = "<group>"; };
		0D94B73D1D8AE6BB00422BD9 /* Singleton.h */ = {isa = PBXFileReference; fileEncoding = 4; lastKnownFileType = sourcecode.c.h; name = Singleton.h; path = ../../../colopl/BilliardsGL/BilliardsGL/Singleton.h; sourceTree = "<group>"; };
		0DBF5D111D951CD300A037BA /* FPSCounter.hpp */ = {isa = PBXFileReference; lastKnownFileType = sourcecode.cpp.h; path = FPSCounter.hpp; sourceTree = "<group>"; };
		0DBF5D121D951F5A00A037BA /* FPSCounter.cpp */ = {isa = PBXFileReference; fileEncoding = 4; lastKnownFileType = sourcecode.cpp.cpp; path = FPSCounter.cpp; sourceTree = "<group>"; };
		0DBF5D151D95211800A037BA /* Square.cpp */ = {isa = PBXFileReference; fileEncoding = 4; lastKnownFileType = sourcecode.cpp.cpp; path = Square.cpp; sourceTree = "<group>"; };
		0DBF5D161D95211800A037BA /* Square.hpp */ = {isa = PBXFileReference; fileEncoding = 4; lastKnownFileType = sourcecode.cpp.h; path = Square.hpp; sourceTree = "<group>"; };
		0DBF5D1F1D95237700A037BA /* BaseObject.cpp */ = {isa = PBXFileReference; fileEncoding = 4; lastKnownFileType = sourcecode.cpp.cpp; path = BaseObject.cpp; sourceTree = "<group>"; };
		0DBF5D201D95237700A037BA /* BaseObject.hpp */ = {isa = PBXFileReference; fileEncoding = 4; lastKnownFileType = sourcecode.cpp.h; path = BaseObject.hpp; sourceTree = "<group>"; };
/* End PBXFileReference section */

/* Begin PBXFrameworksBuildPhase section */
		0D02C3E01D8A83360097F8F1 /* Frameworks */ = {
			isa = PBXFrameworksBuildPhase;
			buildActionMask = 2147483647;
			files = (
			);
			runOnlyForDeploymentPostprocessing = 0;
		};
/* End PBXFrameworksBuildPhase section */

/* Begin PBXGroup section */
		0D02C3DA1D8A83360097F8F1 = {
			isa = PBXGroup;
			children = (
				0D02C3E51D8A83360097F8F1 /* BilliardsGL */,
				0D02C3E41D8A83360097F8F1 /* Products */,
			);
			sourceTree = "<group>";
		};
		0D02C3E41D8A83360097F8F1 /* Products */ = {
			isa = PBXGroup;
			children = (
				0D02C3E31D8A83360097F8F1 /* BilliardsGL */,
			);
			name = Products;
			sourceTree = "<group>";
		};
		0D02C3E51D8A83360097F8F1 /* BilliardsGL */ = {
			isa = PBXGroup;
			children = (
				0DBF5D141D9520FF00A037BA /* Models */,
				0D94B7361D8AE62300422BD9 /* Managers */,
				0D94B7371D8AE62900422BD9 /* Controllers */,
				0D94B7341D8A9C6000422BD9 /* Headers */,
				0D94B7301D8A9BFA00422BD9 /* Window */,
				0D94B73B1D8AE68700422BD9 /* Utils */,
				0D94B72D1D8A970A00422BD9 /* shaders */,
				0D02C3E61D8A83360097F8F1 /* main.cpp */,
			);
			path = BilliardsGL;
			sourceTree = "<group>";
		};
		0D94B72D1D8A970A00422BD9 /* shaders */ = {
			isa = PBXGroup;
			children = (
				0D94B72E1D8A971E00422BD9 /* point.vert */,
				0D94B72F1D8A972800422BD9 /* point.frag */,
			);
			name = shaders;
			sourceTree = "<group>";
		};
		0D94B7301D8A9BFA00422BD9 /* Window */ = {
			isa = PBXGroup;
			children = (
				0D94B7311D8A9C1900422BD9 /* Window.cpp */,
				0D94B7321D8A9C1900422BD9 /* Window.hpp */,
			);
			name = Window;
			sourceTree = "<group>";
		};
		0D94B7341D8A9C6000422BD9 /* Headers */ = {
			isa = PBXGroup;
			children = (
				0D94B7351D8A9C7600422BD9 /* GlobalHeader.h */,
			);
			name = Headers;
			sourceTree = "<group>";
		};
		0D94B7361D8AE62300422BD9 /* Managers */ = {
			isa = PBXGroup;
			children = (
				0D94B7381D8AE64700422BD9 /* GameManager.cpp */,
				0D94B7391D8AE64700422BD9 /* GameManager.hpp */,
			);
			name = Managers;
			sourceTree = "<group>";
		};
		0D94B7371D8AE62900422BD9 /* Controllers */ = {
			isa = PBXGroup;
			children = (
			);
			name = Controllers;
			sourceTree = "<group>";
		};
		0D94B73B1D8AE68700422BD9 /* Utils */ = {
			isa = PBXGroup;
			children = (
				0D94B73D1D8AE6BB00422BD9 /* Singleton.h */,
				0DBF5D111D951CD300A037BA /* FPSCounter.hpp */,
				0DBF5D121D951F5A00A037BA /* FPSCounter.cpp */,
				0D1E8F2E1D96454300620688 /* ShaderLoader.cpp */,
				0D1E8F2F1D96454300620688 /* ShaderLoader.hpp */,
			);
			name = Utils;
			sourceTree = "<group>";
		};
		0DBF5D141D9520FF00A037BA /* Models */ = {
			isa = PBXGroup;
			children = (
				0DBF5D151D95211800A037BA /* Square.cpp */,
				0DBF5D161D95211800A037BA /* Square.hpp */,
				0DBF5D1F1D95237700A037BA /* BaseObject.cpp */,
				0DBF5D201D95237700A037BA /* BaseObject.hpp */,
			);
			name = Models;
			sourceTree = "<group>";
		};
/* End PBXGroup section */

/* Begin PBXNativeTarget section */
		0D02C3E21D8A83360097F8F1 /* BilliardsGL */ = {
			isa = PBXNativeTarget;
			buildConfigurationList = 0D02C3EA1D8A83360097F8F1 /* Build configuration list for PBXNativeTarget "BilliardsGL" */;
			buildPhases = (
				0D02C3DF1D8A83360097F8F1 /* Sources */,
				0D02C3E01D8A83360097F8F1 /* Frameworks */,
				0D02C3E11D8A83360097F8F1 /* CopyFiles */,
			);
			buildRules = (
			);
			dependencies = (
			);
			name = BilliardsGL;
			productName = BilliardsGL;
			productReference = 0D02C3E31D8A83360097F8F1 /* BilliardsGL */;
			productType = "com.apple.product-type.tool";
		};
/* End PBXNativeTarget section */

/* Begin PBXProject section */
		0D02C3DB1D8A83360097F8F1 /* Project object */ = {
			isa = PBXProject;
			attributes = {
				LastUpgradeCheck = 0730;
				ORGANIZATIONNAME = "比佐 幸基";
				TargetAttributes = {
					0D02C3E21D8A83360097F8F1 = {
						CreatedOnToolsVersion = 7.3.1;
					};
				};
			};
			buildConfigurationList = 0D02C3DE1D8A83360097F8F1 /* Build configuration list for PBXProject "BilliardsGL" */;
			compatibilityVersion = "Xcode 3.2";
			developmentRegion = English;
			hasScannedForEncodings = 0;
			knownRegions = (
				en,
			);
			mainGroup = 0D02C3DA1D8A83360097F8F1;
			productRefGroup = 0D02C3E41D8A83360097F8F1 /* Products */;
			projectDirPath = "";
			projectRoot = "";
			targets = (
				0D02C3E21D8A83360097F8F1 /* BilliardsGL */,
			);
		};
/* End PBXProject section */

/* Begin PBXSourcesBuildPhase section */
		0D02C3DF1D8A83360097F8F1 /* Sources */ = {
			isa = PBXSourcesBuildPhase;
			buildActionMask = 2147483647;
			files = (
				0DBF5D171D95211800A037BA /* Square.cpp in Sources */,
				0DBF5D211D95237700A037BA /* BaseObject.cpp in Sources */,
				0D1E8F301D96454300620688 /* ShaderLoader.cpp in Sources */,
				0DBF5D131D951F5A00A037BA /* FPSCounter.cpp in Sources */,
				0D02C3E71D8A83360097F8F1 /* main.cpp in Sources */,
				0D94B73A1D8AE64700422BD9 /* GameManager.cpp in Sources */,
				0D94B7331D8A9C1900422BD9 /* Window.cpp in Sources */,
			);
			runOnlyForDeploymentPostprocessing = 0;
		};
/* End PBXSourcesBuildPhase section */

/* Begin XCBuildConfiguration section */
		0D02C3E81D8A83360097F8F1 /* Debug */ = {
			isa = XCBuildConfiguration;
			buildSettings = {
				ALWAYS_SEARCH_USER_PATHS = NO;
				CLANG_ANALYZER_NONNULL = YES;
				CLANG_CXX_LANGUAGE_STANDARD = "gnu++0x";
				CLANG_CXX_LIBRARY = "libc++";
				CLANG_ENABLE_MODULES = YES;
				CLANG_ENABLE_OBJC_ARC = YES;
				CLANG_WARN_BOOL_CONVERSION = YES;
				CLANG_WARN_CONSTANT_CONVERSION = YES;
				CLANG_WARN_DIRECT_OBJC_ISA_USAGE = YES_ERROR;
				CLANG_WARN_EMPTY_BODY = YES;
				CLANG_WARN_ENUM_CONVERSION = YES;
				CLANG_WARN_INT_CONVERSION = YES;
				CLANG_WARN_OBJC_ROOT_CLASS = YES_ERROR;
				CLANG_WARN_UNREACHABLE_CODE = YES;
				CLANG_WARN__DUPLICATE_METHOD_MATCH = YES;
				CODE_SIGN_IDENTITY = "-";
				COPY_PHASE_STRIP = NO;
				DEBUG_INFORMATION_FORMAT = dwarf;
				ENABLE_STRICT_OBJC_MSGSEND = YES;
				ENABLE_TESTABILITY = YES;
				GCC_C_LANGUAGE_STANDARD = gnu99;
				GCC_DYNAMIC_NO_PIC = NO;
				GCC_NO_COMMON_BLOCKS = YES;
				GCC_OPTIMIZATION_LEVEL = 0;
				GCC_PREPROCESSOR_DEFINITIONS = (
					"DEBUG=1",
					"$(inherited)",
				);
				GCC_WARN_64_TO_32_BIT_CONVERSION = YES;
				GCC_WARN_ABOUT_RETURN_TYPE = YES_ERROR;
				GCC_WARN_UNDECLARED_SELECTOR = YES;
				GCC_WARN_UNINITIALIZED_AUTOS = YES_AGGRESSIVE;
				GCC_WARN_UNUSED_FUNCTION = YES;
				GCC_WARN_UNUSED_VARIABLE = YES;
				MACOSX_DEPLOYMENT_TARGET = 10.11;
				MTL_ENABLE_DEBUG_INFO = YES;
				ONLY_ACTIVE_ARCH = YES;
				SDKROOT = macosx;
			};
			name = Debug;
		};
		0D02C3E91D8A83360097F8F1 /* Release */ = {
			isa = XCBuildConfiguration;
			buildSettings = {
				ALWAYS_SEARCH_USER_PATHS = NO;
				CLANG_ANALYZER_NONNULL = YES;
				CLANG_CXX_LANGUAGE_STANDARD = "gnu++0x";
				CLANG_CXX_LIBRARY = "libc++";
				CLANG_ENABLE_MODULES = YES;
				CLANG_ENABLE_OBJC_ARC = YES;
				CLANG_WARN_BOOL_CONVERSION = YES;
				CLANG_WARN_CONSTANT_CONVERSION = YES;
				CLANG_WARN_DIRECT_OBJC_ISA_USAGE = YES_ERROR;
				CLANG_WARN_EMPTY_BODY = YES;
				CLANG_WARN_ENUM_CONVERSION = YES;
				CLANG_WARN_INT_CONVERSION = YES;
				CLANG_WARN_OBJC_ROOT_CLASS = YES_ERROR;
				CLANG_WARN_UNREACHABLE_CODE = YES;
				CLANG_WARN__DUPLICATE_METHOD_MATCH = YES;
				CODE_SIGN_IDENTITY = "-";
				COPY_PHASE_STRIP = NO;
				DEBUG_INFORMATION_FORMAT = "dwarf-with-dsym";
				ENABLE_NS_ASSERTIONS = NO;
				ENABLE_STRICT_OBJC_MSGSEND = YES;
				GCC_C_LANGUAGE_STANDARD = gnu99;
				GCC_NO_COMMON_BLOCKS = YES;
				GCC_WARN_64_TO_32_BIT_CONVERSION = YES;
				GCC_WARN_ABOUT_RETURN_TYPE = YES_ERROR;
				GCC_WARN_UNDECLARED_SELECTOR = YES;
				GCC_WARN_UNINITIALIZED_AUTOS = YES_AGGRESSIVE;
				GCC_WARN_UNUSED_FUNCTION = YES;
				GCC_WARN_UNUSED_VARIABLE = YES;
				MACOSX_DEPLOYMENT_TARGET = 10.11;
				MTL_ENABLE_DEBUG_INFO = NO;
				SDKROOT = macosx;
			};
			name = Release;
		};
		0D02C3EB1D8A83360097F8F1 /* Debug */ = {
			isa = XCBuildConfiguration;
			buildSettings = {
				HEADER_SEARCH_PATHS = /usr/local/include;
				LIBRARY_SEARCH_PATHS = /usr/local/lib;
				OTHER_LDFLAGS = (
					"-lglfw3",
					"-lGLEW",
					"-framework",
					OpenGL,
					"-framework",
					CoreVideo,
					"-framework",
					IOKit,
					"-framework",
					Cocoa,
				);
				PRODUCT_NAME = "$(TARGET_NAME)";
			};
			name = Debug;
		};
		0D02C3EC1D8A83360097F8F1 /* Release */ = {
			isa = XCBuildConfiguration;
			buildSettings = {
				HEADER_SEARCH_PATHS = /usr/local/include;
				LIBRARY_SEARCH_PATHS = /usr/local/lib;
				OTHER_LDFLAGS = (
					"-lglfw3",
					"-lGLEW",
					"-framework",
					OpenGL,
					"-framework",
					CoreVideo,
					"-framework",
					IOKit,
					"-framework",
					Cocoa,
				);
				PRODUCT_NAME = "$(TARGET_NAME)";
			};
			name = Release;
		};
/* End XCBuildConfiguration section */

/* Begin XCConfigurationList section */
		0D02C3DE1D8A83360097F8F1 /* Build configuration list for PBXProject "BilliardsGL" */ = {
			isa = XCConfigurationList;
			buildConfigurations = (
				0D02C3E81D8A83360097F8F1 /* Debug */,
				0D02C3E91D8A83360097F8F1 /* Release */,
			);
			defaultConfigurationIsVisible = 0;
			defaultConfigurationName = Release;
		};
		0D02C3EA1D8A83360097F8F1 /* Build configuration list for PBXNativeTarget "BilliardsGL" */ = {
			isa = XCConfigurationList;
			buildConfigurations = (
				0D02C3EB1D8A83360097F8F1 /* Debug */,
				0D02C3EC1D8A83360097F8F1 /* Release */,
			);
			defaultConfigurationIsVisible = 0;
			defaultConfigurationName = Release;
		};
/* End XCConfigurationList section */
	};
	rootObject = 0D02C3DB1D8A83360097F8F1 /* Project object */;
}
