// !$*UTF8*$!
{
	archiveVersion = 1;
	classes = {
	};
	objectVersion = 46;
	objects = {

/* Begin PBXBuildFile section */
		0D02C3E71D8A83360097F8F1 /* main.cpp in Sources */ = {isa = PBXBuildFile; fileRef = 0D02C3E61D8A83360097F8F1 /* main.cpp */; };
		0DD156631DD02DF700877E40 /* Matrix4D.cpp in Sources */ = {isa = PBXBuildFile; fileRef = 0DD1565B1DD02DF700877E40 /* Matrix4D.cpp */; };
		0DD156641DD02DF700877E40 /* Quaternion.cpp in Sources */ = {isa = PBXBuildFile; fileRef = 0DD1565D1DD02DF700877E40 /* Quaternion.cpp */; };
		0DD156651DD02DF700877E40 /* Vector3D.cpp in Sources */ = {isa = PBXBuildFile; fileRef = 0DD1565F1DD02DF700877E40 /* Vector3D.cpp */; };
		0DD156661DD02DF700877E40 /* Vector4D.cpp in Sources */ = {isa = PBXBuildFile; fileRef = 0DD156611DD02DF700877E40 /* Vector4D.cpp */; };
		0DD156741DD02E5B00877E40 /* FPSCounter.cpp in Sources */ = {isa = PBXBuildFile; fileRef = 0DD1566D1DD02E5B00877E40 /* FPSCounter.cpp */; };
		0DD156761DD02E5B00877E40 /* TextureLoader.cpp in Sources */ = {isa = PBXBuildFile; fileRef = 0DD156721DD02E5B00877E40 /* TextureLoader.cpp */; };
		0DD1567E1DD02ECB00877E40 /* BaseObject2D.cpp in Sources */ = {isa = PBXBuildFile; fileRef = 0DD1567A1DD02ECB00877E40 /* BaseObject2D.cpp */; };
		0DD1567F1DD02ECB00877E40 /* Square.cpp in Sources */ = {isa = PBXBuildFile; fileRef = 0DD1567C1DD02ECB00877E40 /* Square.cpp */; };
		0DD156871DD02ED700877E40 /* BaseModel3D.cpp in Sources */ = {isa = PBXBuildFile; fileRef = 0DD156811DD02ED700877E40 /* BaseModel3D.cpp */; };
		0DD156881DD02ED700877E40 /* Cube.cpp in Sources */ = {isa = PBXBuildFile; fileRef = 0DD156831DD02ED700877E40 /* Cube.cpp */; };
		0DD156891DD02ED700877E40 /* Sphere.cpp in Sources */ = {isa = PBXBuildFile; fileRef = 0DD156851DD02ED700877E40 /* Sphere.cpp */; };
		0DD1568C1DD02EE000877E40 /* Transform.cpp in Sources */ = {isa = PBXBuildFile; fileRef = 0DD1568A1DD02EE000877E40 /* Transform.cpp */; };
		0DD156971DD02F0300877E40 /* CameraManager.cpp in Sources */ = {isa = PBXBuildFile; fileRef = 0DD1568D1DD02F0300877E40 /* CameraManager.cpp */; };
		0DD156981DD02F0300877E40 /* GameEngineManager.cpp in Sources */ = {isa = PBXBuildFile; fileRef = 0DD1568F1DD02F0300877E40 /* GameEngineManager.cpp */; };
		0DD156991DD02F0300877E40 /* LightManager.cpp in Sources */ = {isa = PBXBuildFile; fileRef = 0DD156911DD02F0300877E40 /* LightManager.cpp */; };
		0DD1569A1DD02F0300877E40 /* ObjectManager.cpp in Sources */ = {isa = PBXBuildFile; fileRef = 0DD156931DD02F0300877E40 /* ObjectManager.cpp */; };
		0DD1569B1DD02F0300877E40 /* SceneManager.cpp in Sources */ = {isa = PBXBuildFile; fileRef = 0DD156951DD02F0300877E40 /* SceneManager.cpp */; };
		0DD156A01DD02F4000877E40 /* ColliderBase3D.cpp in Sources */ = {isa = PBXBuildFile; fileRef = 0DD1569C1DD02F4000877E40 /* ColliderBase3D.cpp */; };
		0DD156A11DD02F4000877E40 /* SphereCollider.cpp in Sources */ = {isa = PBXBuildFile; fileRef = 0DD1569E1DD02F4000877E40 /* SphereCollider.cpp */; };
		0DD156A61DD02F6900877E40 /* BaseRigidObject3D.cpp in Sources */ = {isa = PBXBuildFile; fileRef = 0DD156A21DD02F6900877E40 /* BaseRigidObject3D.cpp */; };
		0DD156A71DD02F6900877E40 /* EmptyObject.cpp in Sources */ = {isa = PBXBuildFile; fileRef = 0DD156A41DD02F6900877E40 /* EmptyObject.cpp */; };
		0DD156AD1DD02F7F00877E40 /* BaseObject3D.cpp in Sources */ = {isa = PBXBuildFile; fileRef = 0DD156A81DD02F7F00877E40 /* BaseObject3D.cpp */; };
		0DD156AE1DD02F7F00877E40 /* ObjectBehavior.cpp in Sources */ = {isa = PBXBuildFile; fileRef = 0DD156AB1DD02F7F00877E40 /* ObjectBehavior.cpp */; };
		0DD156B11DD02F9A00877E40 /* SceneBase.cpp in Sources */ = {isa = PBXBuildFile; fileRef = 0DD156AF1DD02F9A00877E40 /* SceneBase.cpp */; };
		0DD156B61DD02FB100877E40 /* DirectionalLightController.cpp in Sources */ = {isa = PBXBuildFile; fileRef = 0DD156B21DD02FB100877E40 /* DirectionalLightController.cpp */; };
		0DD156B71DD02FB100877E40 /* LightControllerBase.cpp in Sources */ = {isa = PBXBuildFile; fileRef = 0DD156B41DD02FB100877E40 /* LightControllerBase.cpp */; };
		0DD156BD1DD02FCA00877E40 /* CameraControllerBase.cpp in Sources */ = {isa = PBXBuildFile; fileRef = 0DD156B91DD02FCA00877E40 /* CameraControllerBase.cpp */; };
		0DD156BE1DD02FCA00877E40 /* PerspectiveCameraController.cpp in Sources */ = {isa = PBXBuildFile; fileRef = 0DD156BB1DD02FCA00877E40 /* PerspectiveCameraController.cpp */; };
		0DD156C11DD02FE100877E40 /* Window.cpp in Sources */ = {isa = PBXBuildFile; fileRef = 0DD156BF1DD02FE100877E40 /* Window.cpp */; };
		0DD156C41DD0326600877E40 /* ModelFactory.cpp in Sources */ = {isa = PBXBuildFile; fileRef = 0DD156C21DD0326600877E40 /* ModelFactory.cpp */; };
		0DD156CB1DD0345E00877E40 /* ShaderLoader.cpp in Sources */ = {isa = PBXBuildFile; fileRef = 0DD156C91DD0345E00877E40 /* ShaderLoader.cpp */; };
		0DD156DC1DD037E200877E40 /* BallController.cpp in Sources */ = {isa = PBXBuildFile; fileRef = 0DD156D81DD037E200877E40 /* BallController.cpp */; };
		0DD156DD1DD037E200877E40 /* WhiteBallController.cpp in Sources */ = {isa = PBXBuildFile; fileRef = 0DD156DA1DD037E200877E40 /* WhiteBallController.cpp */; };
		0DD156E01DD037F000877E40 /* GameManager.cpp in Sources */ = {isa = PBXBuildFile; fileRef = 0DD156DE1DD037F000877E40 /* GameManager.cpp */; };
		0DD156E31DD037FE00877E40 /* GameScene.cpp in Sources */ = {isa = PBXBuildFile; fileRef = 0DD156E11DD037FE00877E40 /* GameScene.cpp */; };
/* End PBXBuildFile section */

/* Begin PBXCopyFilesBuildPhase section */
		0D02C3E11D8A83360097F8F1 /* CopyFiles */ = {
			isa = PBXCopyFilesBuildPhase;
			buildActionMask = 2147483647;
			dstPath = /usr/share/man/man1/;
			dstSubfolderSpec = 0;
			files = (
			);
			runOnlyForDeploymentPostprocessing = 1;
		};
/* End PBXCopyFilesBuildPhase section */

/* Begin PBXFileReference section */
		0D02C3E31D8A83360097F8F1 /* BilliardsGL */ = {isa = PBXFileReference; explicitFileType = "compiled.mach-o.executable"; includeInIndex = 0; path = BilliardsGL; sourceTree = BUILT_PRODUCTS_DIR; };
		0D02C3E61D8A83360097F8F1 /* main.cpp */ = {isa = PBXFileReference; lastKnownFileType = sourcecode.cpp.cpp; path = main.cpp; sourceTree = "<group>"; };
		0DD156591DD02CE400877E40 /* GlobalHeader.h */ = {isa = PBXFileReference; lastKnownFileType = sourcecode.c.h; name = GlobalHeader.h; path = Headers/GlobalHeader.h; sourceTree = "<group>"; };
		0DD1565A1DD02DF700877E40 /* Matrix.h */ = {isa = PBXFileReference; fileEncoding = 4; lastKnownFileType = sourcecode.c.h; name = Matrix.h; path = Engine/Headers/Headers/Math/Matrix.h; sourceTree = "<group>"; };
		0DD1565B1DD02DF700877E40 /* Matrix4D.cpp */ = {isa = PBXFileReference; fileEncoding = 4; lastKnownFileType = sourcecode.cpp.cpp; name = Matrix4D.cpp; path = Engine/Headers/Headers/Math/Matrix4D.cpp; sourceTree = "<group>"; };
		0DD1565C1DD02DF700877E40 /* Matrix4D.hpp */ = {isa = PBXFileReference; fileEncoding = 4; lastKnownFileType = sourcecode.cpp.h; name = Matrix4D.hpp; path = Engine/Headers/Headers/Math/Matrix4D.hpp; sourceTree = "<group>"; };
		0DD1565D1DD02DF700877E40 /* Quaternion.cpp */ = {isa = PBXFileReference; fileEncoding = 4; lastKnownFileType = sourcecode.cpp.cpp; name = Quaternion.cpp; path = Engine/Headers/Headers/Math/Quaternion.cpp; sourceTree = "<group>"; };
		0DD1565E1DD02DF700877E40 /* Quaternion.hpp */ = {isa = PBXFileReference; fileEncoding = 4; lastKnownFileType = sourcecode.cpp.h; name = Quaternion.hpp; path = Engine/Headers/Headers/Math/Quaternion.hpp; sourceTree = "<group>"; };
		0DD1565F1DD02DF700877E40 /* Vector3D.cpp */ = {isa = PBXFileReference; fileEncoding = 4; lastKnownFileType = sourcecode.cpp.cpp; name = Vector3D.cpp; path = Engine/Headers/Headers/Math/Vector3D.cpp; sourceTree = "<group>"; };
		0DD156601DD02DF700877E40 /* Vector3D.hpp */ = {isa = PBXFileReference; fileEncoding = 4; lastKnownFileType = sourcecode.cpp.h; name = Vector3D.hpp; path = Engine/Headers/Headers/Math/Vector3D.hpp; sourceTree = "<group>"; };
		0DD156611DD02DF700877E40 /* Vector4D.cpp */ = {isa = PBXFileReference; fileEncoding = 4; lastKnownFileType = sourcecode.cpp.cpp; name = Vector4D.cpp; path = Engine/Headers/Headers/Math/Vector4D.cpp; sourceTree = "<group>"; };
		0DD156621DD02DF700877E40 /* Vector4D.hpp */ = {isa = PBXFileReference; fileEncoding = 4; lastKnownFileType = sourcecode.cpp.h; name = Vector4D.hpp; path = Engine/Headers/Headers/Math/Vector4D.hpp; sourceTree = "<group>"; };
		0DD156671DD02E0500877E40 /* Collisions.h */ = {isa = PBXFileReference; lastKnownFileType = sourcecode.c.h; name = Collisions.h; path = Engine/Headers/Headers/Collisions.h; sourceTree = "<group>"; };
		0DD156681DD02E0500877E40 /* Models.h */ = {isa = PBXFileReference; lastKnownFileType = sourcecode.c.h; name = Models.h; path = Engine/Headers/Headers/Models.h; sourceTree = "<group>"; };
		0DD156691DD02E0500877E40 /* Objects.h */ = {isa = PBXFileReference; lastKnownFileType = sourcecode.c.h; name = Objects.h; path = Engine/Headers/Headers/Objects.h; sourceTree = "<group>"; };
		0DD1566A1DD02E0500877E40 /* Scenes.h */ = {isa = PBXFileReference; lastKnownFileType = sourcecode.c.h; name = Scenes.h; path = Engine/Headers/Headers/Scenes.h; sourceTree = "<group>"; };
		0DD1566D1DD02E5B00877E40 /* FPSCounter.cpp */ = {isa = PBXFileReference; fileEncoding = 4; lastKnownFileType = sourcecode.cpp.cpp; name = FPSCounter.cpp; path = Engine/Utils/FPSCounter.cpp; sourceTree = "<group>"; };
		0DD1566E1DD02E5B00877E40 /* FPSCounter.hpp */ = {isa = PBXFileReference; fileEncoding = 4; lastKnownFileType = sourcecode.cpp.h; name = FPSCounter.hpp; path = Engine/Utils/FPSCounter.hpp; sourceTree = "<group>"; };
		0DD156711DD02E5B00877E40 /* Singleton.h */ = {isa = PBXFileReference; fileEncoding = 4; lastKnownFileType = sourcecode.c.h; name = Singleton.h; path = Engine/Utils/Singleton.h; sourceTree = "<group>"; };
		0DD156721DD02E5B00877E40 /* TextureLoader.cpp */ = {isa = PBXFileReference; fileEncoding = 4; lastKnownFileType = sourcecode.cpp.cpp; name = TextureLoader.cpp; path = Engine/Utils/TextureLoader.cpp; sourceTree = "<group>"; };
		0DD156731DD02E5B00877E40 /* TextureLoader.hpp */ = {isa = PBXFileReference; fileEncoding = 4; lastKnownFileType = sourcecode.cpp.h; name = TextureLoader.hpp; path = Engine/Utils/TextureLoader.hpp; sourceTree = "<group>"; };
		0DD1567A1DD02ECB00877E40 /* BaseObject2D.cpp */ = {isa = PBXFileReference; fileEncoding = 4; lastKnownFileType = sourcecode.cpp.cpp; name = BaseObject2D.cpp; path = Engine/ModelObjects/2DModels/BaseObject2D.cpp; sourceTree = "<group>"; };
		0DD1567B1DD02ECB00877E40 /* BaseObject2D.hpp */ = {isa = PBXFileReference; fileEncoding = 4; lastKnownFileType = sourcecode.cpp.h; name = BaseObject2D.hpp; path = Engine/ModelObjects/2DModels/BaseObject2D.hpp; sourceTree = "<group>"; };
		0DD1567C1DD02ECB00877E40 /* Square.cpp */ = {isa = PBXFileReference; fileEncoding = 4; lastKnownFileType = sourcecode.cpp.cpp; name = Square.cpp; path = Engine/ModelObjects/2DModels/Square.cpp; sourceTree = "<group>"; };
		0DD1567D1DD02ECB00877E40 /* Square.hpp */ = {isa = PBXFileReference; fileEncoding = 4; lastKnownFileType = sourcecode.cpp.h; name = Square.hpp; path = Engine/ModelObjects/2DModels/Square.hpp; sourceTree = "<group>"; };
		0DD156801DD02ED700877E40 /* Base3D.h */ = {isa = PBXFileReference; fileEncoding = 4; lastKnownFileType = sourcecode.c.h; name = Base3D.h; path = Engine/ModelObjects/3DModels/Base3D.h; sourceTree = "<group>"; };
		0DD156811DD02ED700877E40 /* BaseModel3D.cpp */ = {isa = PBXFileReference; fileEncoding = 4; lastKnownFileType = sourcecode.cpp.cpp; name = BaseModel3D.cpp; path = Engine/ModelObjects/3DModels/BaseModel3D.cpp; sourceTree = "<group>"; };
		0DD156821DD02ED700877E40 /* BaseModel3D.hpp */ = {isa = PBXFileReference; fileEncoding = 4; lastKnownFileType = sourcecode.cpp.h; name = BaseModel3D.hpp; path = Engine/ModelObjects/3DModels/BaseModel3D.hpp; sourceTree = "<group>"; };
		0DD156831DD02ED700877E40 /* Cube.cpp */ = {isa = PBXFileReference; fileEncoding = 4; lastKnownFileType = sourcecode.cpp.cpp; name = Cube.cpp; path = Engine/ModelObjects/3DModels/Cube.cpp; sourceTree = "<group>"; };
		0DD156841DD02ED700877E40 /* Cube.hpp */ = {isa = PBXFileReference; fileEncoding = 4; lastKnownFileType = sourcecode.cpp.h; name = Cube.hpp; path = Engine/ModelObjects/3DModels/Cube.hpp; sourceTree = "<group>"; };
		0DD156851DD02ED700877E40 /* Sphere.cpp */ = {isa = PBXFileReference; fileEncoding = 4; lastKnownFileType = sourcecode.cpp.cpp; name = Sphere.cpp; path = Engine/ModelObjects/3DModels/Sphere.cpp; sourceTree = "<group>"; };
		0DD156861DD02ED700877E40 /* Sphere.hpp */ = {isa = PBXFileReference; fileEncoding = 4; lastKnownFileType = sourcecode.cpp.h; name = Sphere.hpp; path = Engine/ModelObjects/3DModels/Sphere.hpp; sourceTree = "<group>"; };
		0DD1568A1DD02EE000877E40 /* Transform.cpp */ = {isa = PBXFileReference; fileEncoding = 4; lastKnownFileType = sourcecode.cpp.cpp; name = Transform.cpp; path = Engine/ModelObjects/3DModels/Utils/Transform.cpp; sourceTree = "<group>"; };
		0DD1568B1DD02EE000877E40 /* Transform.hpp */ = {isa = PBXFileReference; fileEncoding = 4; lastKnownFileType = sourcecode.cpp.h; name = Transform.hpp; path = Engine/ModelObjects/3DModels/Utils/Transform.hpp; sourceTree = "<group>"; };
		0DD1568D1DD02F0300877E40 /* CameraManager.cpp */ = {isa = PBXFileReference; fileEncoding = 4; lastKnownFileType = sourcecode.cpp.cpp; name = CameraManager.cpp; path = Engine/Managers/CameraManager.cpp; sourceTree = "<group>"; };
		0DD1568E1DD02F0300877E40 /* CameraManager.hpp */ = {isa = PBXFileReference; fileEncoding = 4; lastKnownFileType = sourcecode.cpp.h; name = CameraManager.hpp; path = Engine/Managers/CameraManager.hpp; sourceTree = "<group>"; };
		0DD1568F1DD02F0300877E40 /* GameEngineManager.cpp */ = {isa = PBXFileReference; fileEncoding = 4; lastKnownFileType = sourcecode.cpp.cpp; name = GameEngineManager.cpp; path = Engine/Managers/GameEngineManager.cpp; sourceTree = "<group>"; };
		0DD156901DD02F0300877E40 /* GameEngineManager.hpp */ = {isa = PBXFileReference; fileEncoding = 4; lastKnownFileType = sourcecode.cpp.h; name = GameEngineManager.hpp; path = Engine/Managers/GameEngineManager.hpp; sourceTree = "<group>"; };
		0DD156911DD02F0300877E40 /* LightManager.cpp */ = {isa = PBXFileReference; fileEncoding = 4; lastKnownFileType = sourcecode.cpp.cpp; name = LightManager.cpp; path = Engine/Managers/LightManager.cpp; sourceTree = "<group>"; };
		0DD156921DD02F0300877E40 /* LightManager.hpp */ = {isa = PBXFileReference; fileEncoding = 4; lastKnownFileType = sourcecode.cpp.h; name = LightManager.hpp; path = Engine/Managers/LightManager.hpp; sourceTree = "<group>"; };
		0DD156931DD02F0300877E40 /* ObjectManager.cpp */ = {isa = PBXFileReference; fileEncoding = 4; lastKnownFileType = sourcecode.cpp.cpp; name = ObjectManager.cpp; path = Engine/Managers/ObjectManager.cpp; sourceTree = "<group>"; };
		0DD156941DD02F0300877E40 /* ObjectManager.hpp */ = {isa = PBXFileReference; fileEncoding = 4; lastKnownFileType = sourcecode.cpp.h; name = ObjectManager.hpp; path = Engine/Managers/ObjectManager.hpp; sourceTree = "<group>"; };
		0DD156951DD02F0300877E40 /* SceneManager.cpp */ = {isa = PBXFileReference; fileEncoding = 4; lastKnownFileType = sourcecode.cpp.cpp; name = SceneManager.cpp; path = Engine/Managers/SceneManager.cpp; sourceTree = "<group>"; };
		0DD156961DD02F0300877E40 /* SceneManager.hpp */ = {isa = PBXFileReference; fileEncoding = 4; lastKnownFileType = sourcecode.cpp.h; name = SceneManager.hpp; path = Engine/Managers/SceneManager.hpp; sourceTree = "<group>"; };
		0DD1569C1DD02F4000877E40 /* ColliderBase3D.cpp */ = {isa = PBXFileReference; fileEncoding = 4; lastKnownFileType = sourcecode.cpp.cpp; name = ColliderBase3D.cpp; path = Engine/Controllers/Collider/ColliderBase3D.cpp; sourceTree = "<group>"; };
		0DD1569D1DD02F4000877E40 /* ColliderBase3D.hpp */ = {isa = PBXFileReference; fileEncoding = 4; lastKnownFileType = sourcecode.cpp.h; name = ColliderBase3D.hpp; path = Engine/Controllers/Collider/ColliderBase3D.hpp; sourceTree = "<group>"; };
		0DD1569E1DD02F4000877E40 /* SphereCollider.cpp */ = {isa = PBXFileReference; fileEncoding = 4; lastKnownFileType = sourcecode.cpp.cpp; name = SphereCollider.cpp; path = Engine/Controllers/Collider/SphereCollider.cpp; sourceTree = "<group>"; };
		0DD1569F1DD02F4000877E40 /* SphereCollider.hpp */ = {isa = PBXFileReference; fileEncoding = 4; lastKnownFileType = sourcecode.cpp.h; name = SphereCollider.hpp; path = Engine/Controllers/Collider/SphereCollider.hpp; sourceTree = "<group>"; };
		0DD156A21DD02F6900877E40 /* BaseRigidObject3D.cpp */ = {isa = PBXFileReference; fileEncoding = 4; lastKnownFileType = sourcecode.cpp.cpp; name = BaseRigidObject3D.cpp; path = Engine/Controllers/Object/BaseRigidObject3D.cpp; sourceTree = "<group>"; };
		0DD156A31DD02F6900877E40 /* BaseRigidObject3D.hpp */ = {isa = PBXFileReference; fileEncoding = 4; lastKnownFileType = sourcecode.cpp.h; name = BaseRigidObject3D.hpp; path = Engine/Controllers/Object/BaseRigidObject3D.hpp; sourceTree = "<group>"; };
		0DD156A41DD02F6900877E40 /* EmptyObject.cpp */ = {isa = PBXFileReference; fileEncoding = 4; lastKnownFileType = sourcecode.cpp.cpp; name = EmptyObject.cpp; path = Engine/Controllers/Object/EmptyObject.cpp; sourceTree = "<group>"; };
		0DD156A51DD02F6900877E40 /* EmptyObject.hpp */ = {isa = PBXFileReference; fileEncoding = 4; lastKnownFileType = sourcecode.cpp.h; name = EmptyObject.hpp; path = Engine/Controllers/Object/EmptyObject.hpp; sourceTree = "<group>"; };
		0DD156A81DD02F7F00877E40 /* BaseObject3D.cpp */ = {isa = PBXFileReference; fileEncoding = 4; lastKnownFileType = sourcecode.cpp.cpp; name = BaseObject3D.cpp; path = Engine/Controllers/Object/Base/BaseObject3D.cpp; sourceTree = "<group>"; };
		0DD156A91DD02F7F00877E40 /* BaseObject3D.hpp */ = {isa = PBXFileReference; fileEncoding = 4; lastKnownFileType = sourcecode.cpp.h; name = BaseObject3D.hpp; path = Engine/Controllers/Object/Base/BaseObject3D.hpp; sourceTree = "<group>"; };
		0DD156AA1DD02F7F00877E40 /* BehaviorSingleton.h */ = {isa = PBXFileReference; fileEncoding = 4; lastKnownFileType = sourcecode.c.h; name = BehaviorSingleton.h; path = Engine/Controllers/Object/Base/BehaviorSingleton.h; sourceTree = "<group>"; };
		0DD156AB1DD02F7F00877E40 /* ObjectBehavior.cpp */ = {isa = PBXFileReference; fileEncoding = 4; lastKnownFileType = sourcecode.cpp.cpp; name = ObjectBehavior.cpp; path = Engine/Controllers/Object/Base/ObjectBehavior.cpp; sourceTree = "<group>"; };
		0DD156AC1DD02F7F00877E40 /* ObjectBehavior.hpp */ = {isa = PBXFileReference; fileEncoding = 4; lastKnownFileType = sourcecode.cpp.h; name = ObjectBehavior.hpp; path = Engine/Controllers/Object/Base/ObjectBehavior.hpp; sourceTree = "<group>"; };
		0DD156AF1DD02F9A00877E40 /* SceneBase.cpp */ = {isa = PBXFileReference; fileEncoding = 4; lastKnownFileType = sourcecode.cpp.cpp; name = SceneBase.cpp; path = Engine/Controllers/Scene/SceneBase.cpp; sourceTree = "<group>"; };
		0DD156B01DD02F9A00877E40 /* SceneBase.hpp */ = {isa = PBXFileReference; fileEncoding = 4; lastKnownFileType = sourcecode.cpp.h; name = SceneBase.hpp; path = Engine/Controllers/Scene/SceneBase.hpp; sourceTree = "<group>"; };
		0DD156B21DD02FB100877E40 /* DirectionalLightController.cpp */ = {isa = PBXFileReference; fileEncoding = 4; lastKnownFileType = sourcecode.cpp.cpp; name = DirectionalLightController.cpp; path = Engine/Controllers/Light/DirectionalLightController.cpp; sourceTree = "<group>"; };
		0DD156B31DD02FB100877E40 /* DirectionalLightController.hpp */ = {isa = PBXFileReference; fileEncoding = 4; lastKnownFileType = sourcecode.cpp.h; name = DirectionalLightController.hpp; path = Engine/Controllers/Light/DirectionalLightController.hpp; sourceTree = "<group>"; };
		0DD156B41DD02FB100877E40 /* LightControllerBase.cpp */ = {isa = PBXFileReference; fileEncoding = 4; lastKnownFileType = sourcecode.cpp.cpp; name = LightControllerBase.cpp; path = Engine/Controllers/Light/LightControllerBase.cpp; sourceTree = "<group>"; };
		0DD156B51DD02FB100877E40 /* LightControllerBase.hpp */ = {isa = PBXFileReference; fileEncoding = 4; lastKnownFileType = sourcecode.cpp.h; name = LightControllerBase.hpp; path = Engine/Controllers/Light/LightControllerBase.hpp; sourceTree = "<group>"; };
		0DD156B81DD02FCA00877E40 /* Camera.h */ = {isa = PBXFileReference; fileEncoding = 4; lastKnownFileType = sourcecode.c.h; name = Camera.h; path = Engine/Controllers/Camera/Camera.h; sourceTree = "<group>"; };
		0DD156B91DD02FCA00877E40 /* CameraControllerBase.cpp */ = {isa = PBXFileReference; fileEncoding = 4; lastKnownFileType = sourcecode.cpp.cpp; name = CameraControllerBase.cpp; path = Engine/Controllers/Camera/CameraControllerBase.cpp; sourceTree = "<group>"; };
		0DD156BA1DD02FCA00877E40 /* CameraControllerBase.hpp */ = {isa = PBXFileReference; fileEncoding = 4; lastKnownFileType = sourcecode.cpp.h; name = CameraControllerBase.hpp; path = Engine/Controllers/Camera/CameraControllerBase.hpp; sourceTree = "<group>"; };
		0DD156BB1DD02FCA00877E40 /* PerspectiveCameraController.cpp */ = {isa = PBXFileReference; fileEncoding = 4; lastKnownFileType = sourcecode.cpp.cpp; name = PerspectiveCameraController.cpp; path = Engine/Controllers/Camera/PerspectiveCameraController.cpp; sourceTree = "<group>"; };
		0DD156BC1DD02FCA00877E40 /* PerspectiveCameraController.hpp */ = {isa = PBXFileReference; fileEncoding = 4; lastKnownFileType = sourcecode.cpp.h; name = PerspectiveCameraController.hpp; path = Engine/Controllers/Camera/PerspectiveCameraController.hpp; sourceTree = "<group>"; };
		0DD156BF1DD02FE100877E40 /* Window.cpp */ = {isa = PBXFileReference; fileEncoding = 4; lastKnownFileType = sourcecode.cpp.cpp; name = Window.cpp; path = Engine/Window/Window.cpp; sourceTree = "<group>"; };
		0DD156C01DD02FE100877E40 /* Window.hpp */ = {isa = PBXFileReference; fileEncoding = 4; lastKnownFileType = sourcecode.cpp.h; name = Window.hpp; path = Engine/Window/Window.hpp; sourceTree = "<group>"; };
		0DD156C21DD0326600877E40 /* ModelFactory.cpp */ = {isa = PBXFileReference; fileEncoding = 4; lastKnownFileType = sourcecode.cpp.cpp; name = ModelFactory.cpp; path = Engine/ModelObjects/Factory/ModelFactory.cpp; sourceTree = "<group>"; };
		0DD156C31DD0326600877E40 /* ModelFactory.hpp */ = {isa = PBXFileReference; fileEncoding = 4; lastKnownFileType = sourcecode.cpp.h; name = ModelFactory.hpp; path = Engine/ModelObjects/Factory/ModelFactory.hpp; sourceTree = "<group>"; };
		0DD156C91DD0345E00877E40 /* ShaderLoader.cpp */ = {isa = PBXFileReference; fileEncoding = 4; lastKnownFileType = sourcecode.cpp.cpp; name = ShaderLoader.cpp; path = Engine/Utils/ShaderLoader.cpp; sourceTree = "<group>"; };
		0DD156CA1DD0345E00877E40 /* ShaderLoader.hpp */ = {isa = PBXFileReference; fileEncoding = 4; lastKnownFileType = sourcecode.cpp.h; name = ShaderLoader.hpp; path = Engine/Utils/ShaderLoader.hpp; sourceTree = "<group>"; };
		0DD156CC1DD036DF00877E40 /* Sample001.frag */ = {isa = PBXFileReference; lastKnownFileType = sourcecode.glsl; name = Sample001.frag; path = Shaders/Project/Samples/Sample001.frag; sourceTree = "<group>"; };
		0DD156CD1DD036DF00877E40 /* Sample001.vert */ = {isa = PBXFileReference; lastKnownFileType = sourcecode.glsl; name = Sample001.vert; path = Shaders/Project/Samples/Sample001.vert; sourceTree = "<group>"; };
		0DD156CE1DD036DF00877E40 /* Sample002.frag */ = {isa = PBXFileReference; lastKnownFileType = sourcecode.glsl; name = Sample002.frag; path = Shaders/Project/Samples/Sample002.frag; sourceTree = "<group>"; };
		0DD156CF1DD036DF00877E40 /* Sample002.vert */ = {isa = PBXFileReference; lastKnownFileType = sourcecode.glsl; name = Sample002.vert; path = Shaders/Project/Samples/Sample002.vert; sourceTree = "<group>"; };
		0DD156D01DD036EB00877E40 /* camera.frag */ = {isa = PBXFileReference; lastKnownFileType = sourcecode.glsl; name = camera.frag; path = Shaders/Project/test/camera.frag; sourceTree = "<group>"; };
		0DD156D11DD036EB00877E40 /* camera.vert */ = {isa = PBXFileReference; lastKnownFileType = sourcecode.glsl; name = camera.vert; path = Shaders/Project/test/camera.vert; sourceTree = "<group>"; };
		0DD156D21DD036EB00877E40 /* LightTest.frag */ = {isa = PBXFileReference; lastKnownFileType = sourcecode.glsl; name = LightTest.frag; path = Shaders/Project/test/LightTest.frag; sourceTree = "<group>"; };
		0DD156D31DD036EB00877E40 /* LightTest.vert */ = {isa = PBXFileReference; lastKnownFileType = sourcecode.glsl; name = LightTest.vert; path = Shaders/Project/test/LightTest.vert; sourceTree = "<group>"; };
		0DD156D41DD036EB00877E40 /* point.frag */ = {isa = PBXFileReference; lastKnownFileType = sourcecode.glsl; name = point.frag; path = Shaders/Project/test/point.frag; sourceTree = "<group>"; };
		0DD156D51DD036EB00877E40 /* point.vert */ = {isa = PBXFileReference; lastKnownFileType = sourcecode.glsl; name = point.vert; path = Shaders/Project/test/point.vert; sourceTree = "<group>"; };
		0DD156D61DD0370700877E40 /* Default.frag */ = {isa = PBXFileReference; lastKnownFileType = sourcecode.glsl; name = Default.frag; path = Shaders/Engine/Default.frag; sourceTree = "<group>"; };
		0DD156D71DD0370700877E40 /* Default.vert */ = {isa = PBXFileReference; lastKnownFileType = sourcecode.glsl; name = Default.vert; path = Shaders/Engine/Default.vert; sourceTree = "<group>"; };
		0DD156D81DD037E200877E40 /* BallController.cpp */ = {isa = PBXFileReference; fileEncoding = 4; lastKnownFileType = sourcecode.cpp.cpp; name = BallController.cpp; path = Project/Controllers/Game/Balls/BallController.cpp; sourceTree = "<group>"; };
		0DD156D91DD037E200877E40 /* BallController.hpp */ = {isa = PBXFileReference; fileEncoding = 4; lastKnownFileType = sourcecode.cpp.h; name = BallController.hpp; path = Project/Controllers/Game/Balls/BallController.hpp; sourceTree = "<group>"; };
		0DD156DA1DD037E200877E40 /* WhiteBallController.cpp */ = {isa = PBXFileReference; fileEncoding = 4; lastKnownFileType = sourcecode.cpp.cpp; name = WhiteBallController.cpp; path = Project/Controllers/Game/Balls/WhiteBallController.cpp; sourceTree = "<group>"; };
		0DD156DB1DD037E200877E40 /* WhiteBallController.hpp */ = {isa = PBXFileReference; fileEncoding = 4; lastKnownFileType = sourcecode.cpp.h; name = WhiteBallController.hpp; path = Project/Controllers/Game/Balls/WhiteBallController.hpp; sourceTree = "<group>"; };
		0DD156DE1DD037F000877E40 /* GameManager.cpp */ = {isa = PBXFileReference; fileEncoding = 4; lastKnownFileType = sourcecode.cpp.cpp; name = GameManager.cpp; path = Project/Managers/Game/GameManager.cpp; sourceTree = "<group>"; };
		0DD156DF1DD037F000877E40 /* GameManager.hpp */ = {isa = PBXFileReference; fileEncoding = 4; lastKnownFileType = sourcecode.cpp.h; name = GameManager.hpp; path = Project/Managers/Game/GameManager.hpp; sourceTree = "<group>"; };
		0DD156E11DD037FE00877E40 /* GameScene.cpp */ = {isa = PBXFileReference; fileEncoding = 4; lastKnownFileType = sourcecode.cpp.cpp; name = GameScene.cpp; path = Project/Scenes/GameScene.cpp; sourceTree = "<group>"; };
		0DD156E21DD037FE00877E40 /* GameScene.hpp */ = {isa = PBXFileReference; fileEncoding = 4; lastKnownFileType = sourcecode.cpp.h; name = GameScene.hpp; path = Project/Scenes/GameScene.hpp; sourceTree = "<group>"; };
/* End PBXFileReference section */

/* Begin PBXFrameworksBuildPhase section */
		0D02C3E01D8A83360097F8F1 /* Frameworks */ = {
			isa = PBXFrameworksBuildPhase;
			buildActionMask = 2147483647;
			files = (
			);
			runOnlyForDeploymentPostprocessing = 0;
		};
/* End PBXFrameworksBuildPhase section */

/* Begin PBXGroup section */
		0D02C3DA1D8A83360097F8F1 = {
			isa = PBXGroup;
			children = (
				0D02C3E51D8A83360097F8F1 /* BilliardsGL */,
				0D02C3E41D8A83360097F8F1 /* Products */,
			);
			sourceTree = "<group>";
		};
		0D02C3E41D8A83360097F8F1 /* Products */ = {
			isa = PBXGroup;
			children = (
				0D02C3E31D8A83360097F8F1 /* BilliardsGL */,
			);
			name = Products;
			sourceTree = "<group>";
		};
		0D02C3E51D8A83360097F8F1 /* BilliardsGL */ = {
			isa = PBXGroup;
			children = (
				0D9E60401DB8B3C30084591E /* Headers */,
				0D9E60361DB8AD990084591E /* Engine */,
				0D9E603B1DB8AE480084591E /* Project */,
				0D02C3E61D8A83360097F8F1 /* main.cpp */,
			);
			path = BilliardsGL;
			sourceTree = "<group>";
		};
		0D31CB1D1DBADFB900BF8F65 /* Utils */ = {
			isa = PBXGroup;
			children = (
				0DD1568A1DD02EE000877E40 /* Transform.cpp */,
				0DD1568B1DD02EE000877E40 /* Transform.hpp */,
			);
			name = Utils;
			sourceTree = "<group>";
		};
		0D31CB351DBB5E8600BF8F65 /* Object */ = {
			isa = PBXGroup;
			children = (
				0D31CB421DBC4E0A00BF8F65 /* Base */,
				0DD156A21DD02F6900877E40 /* BaseRigidObject3D.cpp */,
				0DD156A31DD02F6900877E40 /* BaseRigidObject3D.hpp */,
				0DD156A41DD02F6900877E40 /* EmptyObject.cpp */,
				0DD156A51DD02F6900877E40 /* EmptyObject.hpp */,
			);
			name = Object;
			sourceTree = "<group>";
		};
		0D31CB421DBC4E0A00BF8F65 /* Base */ = {
			isa = PBXGroup;
			children = (
				0DD156A81DD02F7F00877E40 /* BaseObject3D.cpp */,
				0DD156A91DD02F7F00877E40 /* BaseObject3D.hpp */,
				0DD156AA1DD02F7F00877E40 /* BehaviorSingleton.h */,
				0DD156AB1DD02F7F00877E40 /* ObjectBehavior.cpp */,
				0DD156AC1DD02F7F00877E40 /* ObjectBehavior.hpp */,
			);
			name = Base;
			sourceTree = "<group>";
		};
		0D31CB441DBC53F200BF8F65 /* Controllers */ = {
			isa = PBXGroup;
			children = (
				0D31CB451DBC53FA00BF8F65 /* Game */,
			);
			name = Controllers;
			sourceTree = "<group>";
		};
		0D31CB451DBC53FA00BF8F65 /* Game */ = {
			isa = PBXGroup;
			children = (
				0D31CB4C1DBC7C7800BF8F65 /* Balls */,
			);
			name = Game;
			sourceTree = "<group>";
		};
		0D31CB4C1DBC7C7800BF8F65 /* Balls */ = {
			isa = PBXGroup;
			children = (
				0DD156D81DD037E200877E40 /* BallController.cpp */,
				0DD156D91DD037E200877E40 /* BallController.hpp */,
				0DD156DA1DD037E200877E40 /* WhiteBallController.cpp */,
				0DD156DB1DD037E200877E40 /* WhiteBallController.hpp */,
			);
			name = Balls;
			sourceTree = "<group>";
		};
		0D7606B61DA4EE08000031BA /* test */ = {
			isa = PBXGroup;
			children = (
				0DD156D01DD036EB00877E40 /* camera.frag */,
				0DD156D11DD036EB00877E40 /* camera.vert */,
				0DD156D21DD036EB00877E40 /* LightTest.frag */,
				0DD156D31DD036EB00877E40 /* LightTest.vert */,
				0DD156D41DD036EB00877E40 /* point.frag */,
				0DD156D51DD036EB00877E40 /* point.vert */,
			);
			name = test;
			sourceTree = "<group>";
		};
		0D76070A1DA75D0F000031BA /* Factory */ = {
			isa = PBXGroup;
			children = (
				0DD156C21DD0326600877E40 /* ModelFactory.cpp */,
				0DD156C31DD0326600877E40 /* ModelFactory.hpp */,
			);
			name = Factory;
			sourceTree = "<group>";
		};
		0D94B72D1D8A970A00422BD9 /* shaders */ = {
			isa = PBXGroup;
			children = (
				0DA8418A1DB5C504002A7879 /* Samples */,
				0D7606B61DA4EE08000031BA /* test */,
			);
			name = shaders;
			sourceTree = "<group>";
		};
		0D94B7301D8A9BFA00422BD9 /* Window */ = {
			isa = PBXGroup;
			children = (
				0DD156BF1DD02FE100877E40 /* Window.cpp */,
				0DD156C01DD02FE100877E40 /* Window.hpp */,
			);
			name = Window;
			sourceTree = "<group>";
		};
		0D94B7341D8A9C6000422BD9 /* Headers */ = {
			isa = PBXGroup;
			children = (
				0DF2A1F01D9CB1A600303E07 /* Math */,
				0DD156671DD02E0500877E40 /* Collisions.h */,
				0DD156681DD02E0500877E40 /* Models.h */,
				0DD156691DD02E0500877E40 /* Objects.h */,
				0DD1566A1DD02E0500877E40 /* Scenes.h */,
			);
			name = Headers;
			sourceTree = "<group>";
		};
		0D94B7361D8AE62300422BD9 /* Managers */ = {
			isa = PBXGroup;
			children = (
				0D9E60451DB8C6F90084591E /* Game */,
			);
			name = Managers;
			sourceTree = "<group>";
		};
		0D94B7371D8AE62900422BD9 /* Controllers */ = {
			isa = PBXGroup;
			children = (
				0DB485371DC65402005E8B7D /* Collider */,
				0D31CB351DBB5E8600BF8F65 /* Object */,
				0D9E60411DB8C5FE0084591E /* Scene */,
				0DF2A1E11D99270300303E07 /* Light */,
				0DF2A1E01D9926F800303E07 /* Camera */,
			);
			name = Controllers;
			sourceTree = "<group>";
		};
		0D94B73B1D8AE68700422BD9 /* Utils */ = {
			isa = PBXGroup;
			children = (
			);
			name = Utils;
			sourceTree = "<group>";
		};
		0D9E602B1DB8A82D0084591E /* Scenes */ = {
			isa = PBXGroup;
			children = (
				0DD156E11DD037FE00877E40 /* GameScene.cpp */,
				0DD156E21DD037FE00877E40 /* GameScene.hpp */,
			);
			name = Scenes;
			sourceTree = "<group>";
		};
		0D9E60361DB8AD990084591E /* Engine */ = {
			isa = PBXGroup;
			children = (
				0D94B7341D8A9C6000422BD9 /* Headers */,
				0D9E603A1DB8ADF00084591E /* Shaders */,
				0D9E60391DB8ADD70084591E /* Utils */,
				0D9E60381DB8ADC30084591E /* ModelObjects */,
				0D9E60371DB8ADAD0084591E /* Managers */,
				0D94B7371D8AE62900422BD9 /* Controllers */,
				0D94B7301D8A9BFA00422BD9 /* Window */,
			);
			name = Engine;
			sourceTree = "<group>";
		};
		0D9E60371DB8ADAD0084591E /* Managers */ = {
			isa = PBXGroup;
			children = (
				0DD1568D1DD02F0300877E40 /* CameraManager.cpp */,
				0DD1568E1DD02F0300877E40 /* CameraManager.hpp */,
				0DD1568F1DD02F0300877E40 /* GameEngineManager.cpp */,
				0DD156901DD02F0300877E40 /* GameEngineManager.hpp */,
				0DD156911DD02F0300877E40 /* LightManager.cpp */,
				0DD156921DD02F0300877E40 /* LightManager.hpp */,
				0DD156931DD02F0300877E40 /* ObjectManager.cpp */,
				0DD156941DD02F0300877E40 /* ObjectManager.hpp */,
				0DD156951DD02F0300877E40 /* SceneManager.cpp */,
				0DD156961DD02F0300877E40 /* SceneManager.hpp */,
			);
			name = Managers;
			sourceTree = "<group>";
		};
		0D9E60381DB8ADC30084591E /* ModelObjects */ = {
			isa = PBXGroup;
			children = (
				0D76070A1DA75D0F000031BA /* Factory */,
				0DBF5D141D9520FF00A037BA /* 2DModels */,
				0DF2A1C91D97E65A00303E07 /* 3DModels */,
			);
			name = ModelObjects;
			sourceTree = "<group>";
		};
		0D9E60391DB8ADD70084591E /* Utils */ = {
			isa = PBXGroup;
			children = (
				0DD156C91DD0345E00877E40 /* ShaderLoader.cpp */,
				0DD156CA1DD0345E00877E40 /* ShaderLoader.hpp */,
				0DD1566D1DD02E5B00877E40 /* FPSCounter.cpp */,
				0DD1566E1DD02E5B00877E40 /* FPSCounter.hpp */,
				0DD156711DD02E5B00877E40 /* Singleton.h */,
				0DD156721DD02E5B00877E40 /* TextureLoader.cpp */,
				0DD156731DD02E5B00877E40 /* TextureLoader.hpp */,
			);
			name = Utils;
			sourceTree = "<group>";
		};
		0D9E603A1DB8ADF00084591E /* Shaders */ = {
			isa = PBXGroup;
			children = (
				0DD156D61DD0370700877E40 /* Default.frag */,
				0DD156D71DD0370700877E40 /* Default.vert */,
			);
			name = Shaders;
			sourceTree = "<group>";
		};
		0D9E603B1DB8AE480084591E /* Project */ = {
			isa = PBXGroup;
			children = (
				0D31CB441DBC53F200BF8F65 /* Controllers */,
				0D94B7361D8AE62300422BD9 /* Managers */,
				0D9E602B1DB8A82D0084591E /* Scenes */,
				0D94B73B1D8AE68700422BD9 /* Utils */,
				0D94B72D1D8A970A00422BD9 /* shaders */,
			);
			name = Project;
			sourceTree = "<group>";
		};
		0D9E60401DB8B3C30084591E /* Headers */ = {
			isa = PBXGroup;
			children = (
				0DD156591DD02CE400877E40 /* GlobalHeader.h */,
			);
			name = Headers;
			sourceTree = "<group>";
		};
		0D9E60411DB8C5FE0084591E /* Scene */ = {
			isa = PBXGroup;
			children = (
				0DD156AF1DD02F9A00877E40 /* SceneBase.cpp */,
				0DD156B01DD02F9A00877E40 /* SceneBase.hpp */,
			);
			name = Scene;
			sourceTree = "<group>";
		};
		0D9E60451DB8C6F90084591E /* Game */ = {
			isa = PBXGroup;
			children = (
				0DD156DE1DD037F000877E40 /* GameManager.cpp */,
				0DD156DF1DD037F000877E40 /* GameManager.hpp */,
			);
			name = Game;
			sourceTree = "<group>";
		};
		0DA8418A1DB5C504002A7879 /* Samples */ = {
			isa = PBXGroup;
			children = (
				0DD156CC1DD036DF00877E40 /* Sample001.frag */,
				0DD156CD1DD036DF00877E40 /* Sample001.vert */,
				0DD156CE1DD036DF00877E40 /* Sample002.frag */,
				0DD156CF1DD036DF00877E40 /* Sample002.vert */,
			);
			name = Samples;
			sourceTree = "<group>";
		};
		0DB485371DC65402005E8B7D /* Collider */ = {
			isa = PBXGroup;
			children = (
				0DD1569C1DD02F4000877E40 /* ColliderBase3D.cpp */,
				0DD1569D1DD02F4000877E40 /* ColliderBase3D.hpp */,
				0DD1569E1DD02F4000877E40 /* SphereCollider.cpp */,
				0DD1569F1DD02F4000877E40 /* SphereCollider.hpp */,
			);
			name = Collider;
			sourceTree = "<group>";
		};
		0DBF5D141D9520FF00A037BA /* 2DModels */ = {
			isa = PBXGroup;
			children = (
				0DD1567A1DD02ECB00877E40 /* BaseObject2D.cpp */,
				0DD1567B1DD02ECB00877E40 /* BaseObject2D.hpp */,
				0DD1567C1DD02ECB00877E40 /* Square.cpp */,
				0DD1567D1DD02ECB00877E40 /* Square.hpp */,
			);
			name = 2DModels;
			sourceTree = "<group>";
		};
		0DF2A1C91D97E65A00303E07 /* 3DModels */ = {
			isa = PBXGroup;
			children = (
				0D31CB1D1DBADFB900BF8F65 /* Utils */,
				0DD156801DD02ED700877E40 /* Base3D.h */,
				0DD156811DD02ED700877E40 /* BaseModel3D.cpp */,
				0DD156821DD02ED700877E40 /* BaseModel3D.hpp */,
				0DD156831DD02ED700877E40 /* Cube.cpp */,
				0DD156841DD02ED700877E40 /* Cube.hpp */,
				0DD156851DD02ED700877E40 /* Sphere.cpp */,
				0DD156861DD02ED700877E40 /* Sphere.hpp */,
			);
			name = 3DModels;
			sourceTree = "<group>";
		};
		0DF2A1E01D9926F800303E07 /* Camera */ = {
			isa = PBXGroup;
			children = (
				0DD156B81DD02FCA00877E40 /* Camera.h */,
				0DD156B91DD02FCA00877E40 /* CameraControllerBase.cpp */,
				0DD156BA1DD02FCA00877E40 /* CameraControllerBase.hpp */,
				0DD156BB1DD02FCA00877E40 /* PerspectiveCameraController.cpp */,
				0DD156BC1DD02FCA00877E40 /* PerspectiveCameraController.hpp */,
			);
			name = Camera;
			sourceTree = "<group>";
		};
		0DF2A1E11D99270300303E07 /* Light */ = {
			isa = PBXGroup;
			children = (
				0DD156B21DD02FB100877E40 /* DirectionalLightController.cpp */,
				0DD156B31DD02FB100877E40 /* DirectionalLightController.hpp */,
				0DD156B41DD02FB100877E40 /* LightControllerBase.cpp */,
				0DD156B51DD02FB100877E40 /* LightControllerBase.hpp */,
			);
			name = Light;
			sourceTree = "<group>";
		};
		0DF2A1F01D9CB1A600303E07 /* Math */ = {
			isa = PBXGroup;
			children = (
				0DD1565A1DD02DF700877E40 /* Matrix.h */,
				0DD1565B1DD02DF700877E40 /* Matrix4D.cpp */,
				0DD1565C1DD02DF700877E40 /* Matrix4D.hpp */,
				0DD1565D1DD02DF700877E40 /* Quaternion.cpp */,
				0DD1565E1DD02DF700877E40 /* Quaternion.hpp */,
				0DD1565F1DD02DF700877E40 /* Vector3D.cpp */,
				0DD156601DD02DF700877E40 /* Vector3D.hpp */,
				0DD156611DD02DF700877E40 /* Vector4D.cpp */,
				0DD156621DD02DF700877E40 /* Vector4D.hpp */,
			);
			name = Math;
			sourceTree = "<group>";
		};
/* End PBXGroup section */

/* Begin PBXNativeTarget section */
		0D02C3E21D8A83360097F8F1 /* BilliardsGL */ = {
			isa = PBXNativeTarget;
			buildConfigurationList = 0D02C3EA1D8A83360097F8F1 /* Build configuration list for PBXNativeTarget "BilliardsGL" */;
			buildPhases = (
				0D02C3DF1D8A83360097F8F1 /* Sources */,
				0D02C3E01D8A83360097F8F1 /* Frameworks */,
				0D02C3E11D8A83360097F8F1 /* CopyFiles */,
				0DD156E41DD1A7A100877E40 /* ShellScript */,
			);
			buildRules = (
			);
			dependencies = (
			);
			name = BilliardsGL;
			productName = BilliardsGL;
			productReference = 0D02C3E31D8A83360097F8F1 /* BilliardsGL */;
			productType = "com.apple.product-type.tool";
		};
/* End PBXNativeTarget section */

/* Begin PBXProject section */
		0D02C3DB1D8A83360097F8F1 /* Project object */ = {
			isa = PBXProject;
			attributes = {
				LastUpgradeCheck = 0800;
				ORGANIZATIONNAME = "比佐 幸基";
				TargetAttributes = {
					0D02C3E21D8A83360097F8F1 = {
						CreatedOnToolsVersion = 7.3.1;
					};
				};
			};
			buildConfigurationList = 0D02C3DE1D8A83360097F8F1 /* Build configuration list for PBXProject "BilliardsGL" */;
			compatibilityVersion = "Xcode 3.2";
			developmentRegion = English;
			hasScannedForEncodings = 0;
			knownRegions = (
				en,
			);
			mainGroup = 0D02C3DA1D8A83360097F8F1;
			productRefGroup = 0D02C3E41D8A83360097F8F1 /* Products */;
			projectDirPath = "";
			projectRoot = "";
			targets = (
				0D02C3E21D8A83360097F8F1 /* BilliardsGL */,
			);
		};
/* End PBXProject section */

/* Begin PBXShellScriptBuildPhase section */
		0DD156E41DD1A7A100877E40 /* ShellScript */ = {
			isa = PBXShellScriptBuildPhase;
			buildActionMask = 2147483647;
			files = (
			);
			inputPaths = (
			);
			outputPaths = (
			);
			runOnlyForDeploymentPostprocessing = 0;
			shellPath = /bin/sh;
			shellScript = "cp -a $BUILT_PRODUCTS_DIR/ $SRCROOT/bin/";
		};
/* End PBXShellScriptBuildPhase section */

/* Begin PBXSourcesBuildPhase section */
		0D02C3DF1D8A83360097F8F1 /* Sources */ = {
			isa = PBXSourcesBuildPhase;
			buildActionMask = 2147483647;
			files = (
				0DD156DC1DD037E200877E40 /* BallController.cpp in Sources */,
				0DD156881DD02ED700877E40 /* Cube.cpp in Sources */,
				0DD156631DD02DF700877E40 /* Matrix4D.cpp in Sources */,
				0DD156B11DD02F9A00877E40 /* SceneBase.cpp in Sources */,
				0DD156A11DD02F4000877E40 /* SphereCollider.cpp in Sources */,
				0DD156A71DD02F6900877E40 /* EmptyObject.cpp in Sources */,
				0DD156BE1DD02FCA00877E40 /* PerspectiveCameraController.cpp in Sources */,
				0DD156971DD02F0300877E40 /* CameraManager.cpp in Sources */,
				0DD156661DD02DF700877E40 /* Vector4D.cpp in Sources */,
				0DD156651DD02DF700877E40 /* Vector3D.cpp in Sources */,
				0DD156AE1DD02F7F00877E40 /* ObjectBehavior.cpp in Sources */,
				0DD1569A1DD02F0300877E40 /* ObjectManager.cpp in Sources */,
				0DD156761DD02E5B00877E40 /* TextureLoader.cpp in Sources */,
				0DD156E01DD037F000877E40 /* GameManager.cpp in Sources */,
				0DD156A61DD02F6900877E40 /* BaseRigidObject3D.cpp in Sources */,
				0DD156CB1DD0345E00877E40 /* ShaderLoader.cpp in Sources */,
				0DD1567E1DD02ECB00877E40 /* BaseObject2D.cpp in Sources */,
				0DD1567F1DD02ECB00877E40 /* Square.cpp in Sources */,
				0DD1569B1DD02F0300877E40 /* SceneManager.cpp in Sources */,
				0DD156BD1DD02FCA00877E40 /* CameraControllerBase.cpp in Sources */,
				0DD156741DD02E5B00877E40 /* FPSCounter.cpp in Sources */,
				0DD156641DD02DF700877E40 /* Quaternion.cpp in Sources */,
				0DD1568C1DD02EE000877E40 /* Transform.cpp in Sources */,
				0DD156A01DD02F4000877E40 /* ColliderBase3D.cpp in Sources */,
				0DD156891DD02ED700877E40 /* Sphere.cpp in Sources */,
				0DD156B61DD02FB100877E40 /* DirectionalLightController.cpp in Sources */,
				0DD156AD1DD02F7F00877E40 /* BaseObject3D.cpp in Sources */,
				0DD156C41DD0326600877E40 /* ModelFactory.cpp in Sources */,
				0D02C3E71D8A83360097F8F1 /* main.cpp in Sources */,
				0DD156991DD02F0300877E40 /* LightManager.cpp in Sources */,
				0DD156871DD02ED700877E40 /* BaseModel3D.cpp in Sources */,
				0DD156981DD02F0300877E40 /* GameEngineManager.cpp in Sources */,
				0DD156C11DD02FE100877E40 /* Window.cpp in Sources */,
				0DD156DD1DD037E200877E40 /* WhiteBallController.cpp in Sources */,
				0DD156E31DD037FE00877E40 /* GameScene.cpp in Sources */,
				0DD156B71DD02FB100877E40 /* LightControllerBase.cpp in Sources */,
			);
			runOnlyForDeploymentPostprocessing = 0;
		};
/* End PBXSourcesBuildPhase section */

/* Begin XCBuildConfiguration section */
		0D02C3E81D8A83360097F8F1 /* Debug */ = {
			isa = XCBuildConfiguration;
			buildSettings = {
				ALWAYS_SEARCH_USER_PATHS = NO;
				CLANG_ANALYZER_NONNULL = YES;
				CLANG_CXX_LANGUAGE_STANDARD = "gnu++0x";
				CLANG_CXX_LIBRARY = "libc++";
				CLANG_ENABLE_MODULES = YES;
				CLANG_ENABLE_OBJC_ARC = YES;
				CLANG_WARN_BOOL_CONVERSION = YES;
				CLANG_WARN_CONSTANT_CONVERSION = YES;
				CLANG_WARN_DIRECT_OBJC_ISA_USAGE = YES_ERROR;
				CLANG_WARN_EMPTY_BODY = YES;
				CLANG_WARN_ENUM_CONVERSION = YES;
				CLANG_WARN_INFINITE_RECURSION = YES;
				CLANG_WARN_INT_CONVERSION = YES;
				CLANG_WARN_OBJC_ROOT_CLASS = YES_ERROR;
				CLANG_WARN_SUSPICIOUS_MOVE = YES;
				CLANG_WARN_UNREACHABLE_CODE = YES;
				CLANG_WARN__DUPLICATE_METHOD_MATCH = YES;
				CODE_SIGN_IDENTITY = "-";
				COPY_PHASE_STRIP = NO;
				DEBUG_INFORMATION_FORMAT = dwarf;
				ENABLE_STRICT_OBJC_MSGSEND = YES;
				ENABLE_TESTABILITY = YES;
				GCC_C_LANGUAGE_STANDARD = gnu99;
				GCC_DYNAMIC_NO_PIC = NO;
				GCC_NO_COMMON_BLOCKS = YES;
				GCC_OPTIMIZATION_LEVEL = 0;
				GCC_PREPROCESSOR_DEFINITIONS = (
					"DEBUG=1",
					"$(inherited)",
				);
				GCC_WARN_64_TO_32_BIT_CONVERSION = YES;
				GCC_WARN_ABOUT_RETURN_TYPE = YES_ERROR;
				GCC_WARN_UNDECLARED_SELECTOR = YES;
				GCC_WARN_UNINITIALIZED_AUTOS = YES_AGGRESSIVE;
				GCC_WARN_UNUSED_FUNCTION = YES;
				GCC_WARN_UNUSED_VARIABLE = YES;
				MACOSX_DEPLOYMENT_TARGET = 10.11;
				MTL_ENABLE_DEBUG_INFO = YES;
				ONLY_ACTIVE_ARCH = YES;
				SDKROOT = macosx;
			};
			name = Debug;
		};
		0D02C3E91D8A83360097F8F1 /* Release */ = {
			isa = XCBuildConfiguration;
			buildSettings = {
				ALWAYS_SEARCH_USER_PATHS = NO;
				CLANG_ANALYZER_NONNULL = YES;
				CLANG_CXX_LANGUAGE_STANDARD = "gnu++0x";
				CLANG_CXX_LIBRARY = "libc++";
				CLANG_ENABLE_MODULES = YES;
				CLANG_ENABLE_OBJC_ARC = YES;
				CLANG_WARN_BOOL_CONVERSION = YES;
				CLANG_WARN_CONSTANT_CONVERSION = YES;
				CLANG_WARN_DIRECT_OBJC_ISA_USAGE = YES_ERROR;
				CLANG_WARN_EMPTY_BODY = YES;
				CLANG_WARN_ENUM_CONVERSION = YES;
				CLANG_WARN_INFINITE_RECURSION = YES;
				CLANG_WARN_INT_CONVERSION = YES;
				CLANG_WARN_OBJC_ROOT_CLASS = YES_ERROR;
				CLANG_WARN_SUSPICIOUS_MOVE = YES;
				CLANG_WARN_UNREACHABLE_CODE = YES;
				CLANG_WARN__DUPLICATE_METHOD_MATCH = YES;
				CODE_SIGN_IDENTITY = "-";
				COPY_PHASE_STRIP = NO;
				DEBUG_INFORMATION_FORMAT = "dwarf-with-dsym";
				ENABLE_NS_ASSERTIONS = NO;
				ENABLE_STRICT_OBJC_MSGSEND = YES;
				GCC_C_LANGUAGE_STANDARD = gnu99;
				GCC_NO_COMMON_BLOCKS = YES;
				GCC_WARN_64_TO_32_BIT_CONVERSION = YES;
				GCC_WARN_ABOUT_RETURN_TYPE = YES_ERROR;
				GCC_WARN_UNDECLARED_SELECTOR = YES;
				GCC_WARN_UNINITIALIZED_AUTOS = YES_AGGRESSIVE;
				GCC_WARN_UNUSED_FUNCTION = YES;
				GCC_WARN_UNUSED_VARIABLE = YES;
				MACOSX_DEPLOYMENT_TARGET = 10.11;
				MTL_ENABLE_DEBUG_INFO = NO;
				SDKROOT = macosx;
			};
			name = Release;
		};
		0D02C3EB1D8A83360097F8F1 /* Debug */ = {
			isa = XCBuildConfiguration;
			buildSettings = {
				HEADER_SEARCH_PATHS = ./BilliardsGL/library/include;
				LIBRARY_SEARCH_PATHS = ./BilliardsGL/library/lib;
				ONLY_ACTIVE_ARCH = YES;
				OTHER_LDFLAGS = (
					"-lglfw3",
					"-lGLEW",
					"-lSOIL",
					"-framework",
					OpenGL,
					"-framework",
					CoreVideo,
					"-framework",
					IOKit,
					"-framework",
					Cocoa,
				);
				PRODUCT_NAME = "$(TARGET_NAME)";
			};
			name = Debug;
		};
		0D02C3EC1D8A83360097F8F1 /* Release */ = {
			isa = XCBuildConfiguration;
			buildSettings = {
				HEADER_SEARCH_PATHS = ./BilliardsGL/library/include;
				LIBRARY_SEARCH_PATHS = ./BilliardsGL/library/lib;
				ONLY_ACTIVE_ARCH = NO;
				OTHER_LDFLAGS = (
					"-lglfw3",
					"-lGLEW",
					"-lSOIL",
					"-framework",
					OpenGL,
					"-framework",
					CoreVideo,
					"-framework",
					IOKit,
					"-framework",
					Cocoa,
				);
				PRODUCT_NAME = "$(TARGET_NAME)";
			};
			name = Release;
		};
/* End XCBuildConfiguration section */

/* Begin XCConfigurationList section */
		0D02C3DE1D8A83360097F8F1 /* Build configuration list for PBXProject "BilliardsGL" */ = {
			isa = XCConfigurationList;
			buildConfigurations = (
				0D02C3E81D8A83360097F8F1 /* Debug */,
				0D02C3E91D8A83360097F8F1 /* Release */,
			);
			defaultConfigurationIsVisible = 0;
			defaultConfigurationName = Release;
		};
		0D02C3EA1D8A83360097F8F1 /* Build configuration list for PBXNativeTarget "BilliardsGL" */ = {
			isa = XCConfigurationList;
			buildConfigurations = (
				0D02C3EB1D8A83360097F8F1 /* Debug */,
				0D02C3EC1D8A83360097F8F1 /* Release */,
			);
			defaultConfigurationIsVisible = 0;
			defaultConfigurationName = Release;
		};
/* End XCConfigurationList section */
	};
	rootObject = 0D02C3DB1D8A83360097F8F1 /* Project object */;
}
