// !$*UTF8*$!
{
	archiveVersion = 1;
	classes = {
	};
	objectVersion = 46;
	objects = {

/* Begin PBXBuildFile section */
		0D02C3E71D8A83360097F8F1 /* main.cpp in Sources */ = {isa = PBXBuildFile; fileRef = 0D02C3E61D8A83360097F8F1 /* main.cpp */; };
		0D1E8F301D96454300620688 /* ShaderLoader.cpp in Sources */ = {isa = PBXBuildFile; fileRef = 0D1E8F2E1D96454300620688 /* ShaderLoader.cpp */; };
		0D31CB201DBADFC800BF8F65 /* Transform.cpp in Sources */ = {isa = PBXBuildFile; fileRef = 0D31CB1E1DBADFC800BF8F65 /* Transform.cpp */; };
		0D31CB261DBAE2F800BF8F65 /* Vector3D.cpp in Sources */ = {isa = PBXBuildFile; fileRef = 0D31CB241DBAE2F800BF8F65 /* Vector3D.cpp */; };
		0D31CB291DBAE45F00BF8F65 /* Vector4D.cpp in Sources */ = {isa = PBXBuildFile; fileRef = 0D31CB271DBAE45F00BF8F65 /* Vector4D.cpp */; };
		0D31CB2C1DBAE51E00BF8F65 /* Quaternion.cpp in Sources */ = {isa = PBXBuildFile; fileRef = 0D31CB2A1DBAE51E00BF8F65 /* Quaternion.cpp */; };
		0D31CB2F1DBAE5D900BF8F65 /* Matrix4D.cpp in Sources */ = {isa = PBXBuildFile; fileRef = 0D31CB2D1DBAE5D900BF8F65 /* Matrix4D.cpp */; };
		0D31CB381DBB5E9A00BF8F65 /* BaseObject3D.cpp in Sources */ = {isa = PBXBuildFile; fileRef = 0D31CB361DBB5E9A00BF8F65 /* BaseObject3D.cpp */; };
		0D31CB3E1DBC492000BF8F65 /* EmptyObject.cpp in Sources */ = {isa = PBXBuildFile; fileRef = 0D31CB3C1DBC492000BF8F65 /* EmptyObject.cpp */; };
		0D31CB411DBC4C3700BF8F65 /* ObjectBehavior.cpp in Sources */ = {isa = PBXBuildFile; fileRef = 0D31CB3F1DBC4C3700BF8F65 /* ObjectBehavior.cpp */; };
		0D7607081DA75393000031BA /* ObjectManager.cpp in Sources */ = {isa = PBXBuildFile; fileRef = 0D7607061DA75393000031BA /* ObjectManager.cpp */; };
		0D76070D1DA75D1E000031BA /* ObjectFactory.cpp in Sources */ = {isa = PBXBuildFile; fileRef = 0D76070B1DA75D1E000031BA /* ObjectFactory.cpp */; };
		0D7607101DA78FD6000031BA /* Sphere.cpp in Sources */ = {isa = PBXBuildFile; fileRef = 0D76070E1DA78FD6000031BA /* Sphere.cpp */; };
		0D7607181DAF6888000031BA /* TextureLoader.cpp in Sources */ = {isa = PBXBuildFile; fileRef = 0D7607161DAF6888000031BA /* TextureLoader.cpp */; };
		0D94B7331D8A9C1900422BD9 /* Window.cpp in Sources */ = {isa = PBXBuildFile; fileRef = 0D94B7311D8A9C1900422BD9 /* Window.cpp */; };
		0D94B73A1D8AE64700422BD9 /* GameManager.cpp in Sources */ = {isa = PBXBuildFile; fileRef = 0D94B7381D8AE64700422BD9 /* GameManager.cpp */; };
		0D9E602E1DB8A8570084591E /* GameScene.cpp in Sources */ = {isa = PBXBuildFile; fileRef = 0D9E602C1DB8A8570084591E /* GameScene.cpp */; };
		0D9E60311DB8A8680084591E /* SceneManager.cpp in Sources */ = {isa = PBXBuildFile; fileRef = 0D9E602F1DB8A8680084591E /* SceneManager.cpp */; };
		0D9E60341DB8A8A40084591E /* SceneBase.cpp in Sources */ = {isa = PBXBuildFile; fileRef = 0D9E60321DB8A8A40084591E /* SceneBase.cpp */; };
		0D9E603E1DB8AE730084591E /* GameEngineManager.cpp in Sources */ = {isa = PBXBuildFile; fileRef = 0D9E603C1DB8AE730084591E /* GameEngineManager.cpp */; };
		0DA841871DB5B830002A7879 /* CameraControllerBase.cpp in Sources */ = {isa = PBXBuildFile; fileRef = 0DA841851DB5B830002A7879 /* CameraControllerBase.cpp */; };
		0DBF5D131D951F5A00A037BA /* FPSCounter.cpp in Sources */ = {isa = PBXBuildFile; fileRef = 0DBF5D121D951F5A00A037BA /* FPSCounter.cpp */; };
		0DBF5D171D95211800A037BA /* Square.cpp in Sources */ = {isa = PBXBuildFile; fileRef = 0DBF5D151D95211800A037BA /* Square.cpp */; };
		0DBF5D211D95237700A037BA /* BaseObject2D.cpp in Sources */ = {isa = PBXBuildFile; fileRef = 0DBF5D1F1D95237700A037BA /* BaseObject2D.cpp */; };
		0DF2A1CC1D97E66C00303E07 /* Cube.cpp in Sources */ = {isa = PBXBuildFile; fileRef = 0DF2A1CA1D97E66C00303E07 /* Cube.cpp */; };
		0DF2A1CF1D97E95F00303E07 /* BaseModel3D.cpp in Sources */ = {isa = PBXBuildFile; fileRef = 0DF2A1CD1D97E95F00303E07 /* BaseModel3D.cpp */; };
		0DF2A1D71D98BEB200303E07 /* CameraManager.cpp in Sources */ = {isa = PBXBuildFile; fileRef = 0DF2A1D51D98BEB200303E07 /* CameraManager.cpp */; };
		0DF2A1DA1D98BF0000303E07 /* PerspectiveCameraController.cpp in Sources */ = {isa = PBXBuildFile; fileRef = 0DF2A1D81D98BF0000303E07 /* PerspectiveCameraController.cpp */; };
		0DF2A1DF1D99265F00303E07 /* LightManager.cpp in Sources */ = {isa = PBXBuildFile; fileRef = 0DF2A1DD1D99265F00303E07 /* LightManager.cpp */; };
		0DF2A1E71D99281F00303E07 /* LightControllerBase.cpp in Sources */ = {isa = PBXBuildFile; fileRef = 0DF2A1E51D99281F00303E07 /* LightControllerBase.cpp */; };
		0DF2A1EA1D99307400303E07 /* DirectionalLightController.cpp in Sources */ = {isa = PBXBuildFile; fileRef = 0DF2A1E81D99307400303E07 /* DirectionalLightController.cpp */; };
/* End PBXBuildFile section */

/* Begin PBXCopyFilesBuildPhase section */
		0D02C3E11D8A83360097F8F1 /* CopyFiles */ = {
			isa = PBXCopyFilesBuildPhase;
			buildActionMask = 2147483647;
			dstPath = /usr/share/man/man1/;
			dstSubfolderSpec = 0;
			files = (
			);
			runOnlyForDeploymentPostprocessing = 1;
		};
/* End PBXCopyFilesBuildPhase section */

/* Begin PBXFileReference section */
		0D02C3E31D8A83360097F8F1 /* BilliardsGL */ = {isa = PBXFileReference; explicitFileType = "compiled.mach-o.executable"; includeInIndex = 0; path = BilliardsGL; sourceTree = BUILT_PRODUCTS_DIR; };
		0D02C3E61D8A83360097F8F1 /* main.cpp */ = {isa = PBXFileReference; lastKnownFileType = sourcecode.cpp.cpp; path = main.cpp; sourceTree = "<group>"; };
		0D1E8F2E1D96454300620688 /* ShaderLoader.cpp */ = {isa = PBXFileReference; fileEncoding = 4; lastKnownFileType = sourcecode.cpp.cpp; path = ShaderLoader.cpp; sourceTree = "<group>"; };
		0D1E8F2F1D96454300620688 /* ShaderLoader.hpp */ = {isa = PBXFileReference; fileEncoding = 4; lastKnownFileType = sourcecode.cpp.h; path = ShaderLoader.hpp; sourceTree = "<group>"; };
		0D31CB1E1DBADFC800BF8F65 /* Transform.cpp */ = {isa = PBXFileReference; fileEncoding = 4; lastKnownFileType = sourcecode.cpp.cpp; path = Transform.cpp; sourceTree = "<group>"; };
		0D31CB1F1DBADFC800BF8F65 /* Transform.hpp */ = {isa = PBXFileReference; fileEncoding = 4; lastKnownFileType = sourcecode.cpp.h; path = Transform.hpp; sourceTree = "<group>"; };
		0D31CB241DBAE2F800BF8F65 /* Vector3D.cpp */ = {isa = PBXFileReference; fileEncoding = 4; lastKnownFileType = sourcecode.cpp.cpp; path = Vector3D.cpp; sourceTree = "<group>"; };
		0D31CB251DBAE2F800BF8F65 /* Vector3D.hpp */ = {isa = PBXFileReference; fileEncoding = 4; lastKnownFileType = sourcecode.cpp.h; path = Vector3D.hpp; sourceTree = "<group>"; };
		0D31CB271DBAE45F00BF8F65 /* Vector4D.cpp */ = {isa = PBXFileReference; fileEncoding = 4; lastKnownFileType = sourcecode.cpp.cpp; path = Vector4D.cpp; sourceTree = "<group>"; };
		0D31CB281DBAE45F00BF8F65 /* Vector4D.hpp */ = {isa = PBXFileReference; fileEncoding = 4; lastKnownFileType = sourcecode.cpp.h; path = Vector4D.hpp; sourceTree = "<group>"; };
		0D31CB2A1DBAE51E00BF8F65 /* Quaternion.cpp */ = {isa = PBXFileReference; fileEncoding = 4; lastKnownFileType = sourcecode.cpp.cpp; path = Quaternion.cpp; sourceTree = "<group>"; };
		0D31CB2B1DBAE51E00BF8F65 /* Quaternion.hpp */ = {isa = PBXFileReference; fileEncoding = 4; lastKnownFileType = sourcecode.cpp.h; path = Quaternion.hpp; sourceTree = "<group>"; };
		0D31CB2D1DBAE5D900BF8F65 /* Matrix4D.cpp */ = {isa = PBXFileReference; fileEncoding = 4; lastKnownFileType = sourcecode.cpp.cpp; path = Matrix4D.cpp; sourceTree = "<group>"; };
		0D31CB2E1DBAE5D900BF8F65 /* Matrix4D.hpp */ = {isa = PBXFileReference; fileEncoding = 4; lastKnownFileType = sourcecode.cpp.h; path = Matrix4D.hpp; sourceTree = "<group>"; };
		0D31CB361DBB5E9A00BF8F65 /* BaseObject3D.cpp */ = {isa = PBXFileReference; fileEncoding = 4; lastKnownFileType = sourcecode.cpp.cpp; path = BaseObject3D.cpp; sourceTree = "<group>"; };
		0D31CB371DBB5E9A00BF8F65 /* BaseObject3D.hpp */ = {isa = PBXFileReference; fileEncoding = 4; lastKnownFileType = sourcecode.cpp.h; path = BaseObject3D.hpp; sourceTree = "<group>"; };
		0D31CB3C1DBC492000BF8F65 /* EmptyObject.cpp */ = {isa = PBXFileReference; fileEncoding = 4; lastKnownFileType = sourcecode.cpp.cpp; path = EmptyObject.cpp; sourceTree = "<group>"; };
		0D31CB3D1DBC492000BF8F65 /* EmptyObject.hpp */ = {isa = PBXFileReference; fileEncoding = 4; lastKnownFileType = sourcecode.cpp.h; path = EmptyObject.hpp; sourceTree = "<group>"; };
		0D31CB3F1DBC4C3700BF8F65 /* ObjectBehavior.cpp */ = {isa = PBXFileReference; fileEncoding = 4; lastKnownFileType = sourcecode.cpp.cpp; path = ObjectBehavior.cpp; sourceTree = "<group>"; };
		0D31CB401DBC4C3700BF8F65 /* ObjectBehavior.hpp */ = {isa = PBXFileReference; fileEncoding = 4; lastKnownFileType = sourcecode.cpp.h; path = ObjectBehavior.hpp; sourceTree = "<group>"; };
		0D7606B71DA4EE2E000031BA /* Default.vert */ = {isa = PBXFileReference; fileEncoding = 4; lastKnownFileType = sourcecode.glsl; path = Default.vert; sourceTree = "<group>"; };
		0D7606B81DA4EE40000031BA /* Default.frag */ = {isa = PBXFileReference; fileEncoding = 4; lastKnownFileType = sourcecode.glsl; path = Default.frag; sourceTree = "<group>"; };
		0D7606B91DA5C70C000031BA /* LightTest.vert */ = {isa = PBXFileReference; fileEncoding = 4; lastKnownFileType = sourcecode.glsl; path = LightTest.vert; sourceTree = "<group>"; };
		0D7606BA1DA5C72A000031BA /* LightTest.frag */ = {isa = PBXFileReference; fileEncoding = 4; lastKnownFileType = sourcecode.glsl; path = LightTest.frag; sourceTree = "<group>"; };
		0D7607061DA75393000031BA /* ObjectManager.cpp */ = {isa = PBXFileReference; fileEncoding = 4; lastKnownFileType = sourcecode.cpp.cpp; path = ObjectManager.cpp; sourceTree = "<group>"; };
		0D7607071DA75393000031BA /* ObjectManager.hpp */ = {isa = PBXFileReference; fileEncoding = 4; lastKnownFileType = sourcecode.cpp.h; path = ObjectManager.hpp; sourceTree = "<group>"; };
		0D7607091DA754EA000031BA /* Models.h */ = {isa = PBXFileReference; lastKnownFileType = sourcecode.c.h; path = Models.h; sourceTree = "<group>"; };
		0D76070B1DA75D1E000031BA /* ObjectFactory.cpp */ = {isa = PBXFileReference; fileEncoding = 4; lastKnownFileType = sourcecode.cpp.cpp; path = ObjectFactory.cpp; sourceTree = "<group>"; };
		0D76070C1DA75D1E000031BA /* ObjectFactory.hpp */ = {isa = PBXFileReference; fileEncoding = 4; lastKnownFileType = sourcecode.cpp.h; path = ObjectFactory.hpp; sourceTree = "<group>"; };
		0D76070E1DA78FD6000031BA /* Sphere.cpp */ = {isa = PBXFileReference; fileEncoding = 4; lastKnownFileType = sourcecode.cpp.cpp; path = Sphere.cpp; sourceTree = "<group>"; };
		0D76070F1DA78FD6000031BA /* Sphere.hpp */ = {isa = PBXFileReference; fileEncoding = 4; lastKnownFileType = sourcecode.cpp.h; path = Sphere.hpp; sourceTree = "<group>"; };
		0D7607161DAF6888000031BA /* TextureLoader.cpp */ = {isa = PBXFileReference; fileEncoding = 4; lastKnownFileType = sourcecode.cpp.cpp; path = TextureLoader.cpp; sourceTree = "<group>"; };
		0D7607171DAF6888000031BA /* TextureLoader.hpp */ = {isa = PBXFileReference; fileEncoding = 4; lastKnownFileType = sourcecode.cpp.h; path = TextureLoader.hpp; sourceTree = "<group>"; };
		0D94B72E1D8A971E00422BD9 /* point.vert */ = {isa = PBXFileReference; fileEncoding = 4; lastKnownFileType = sourcecode.glsl; path = point.vert; sourceTree = "<group>"; };
		0D94B72F1D8A972800422BD9 /* point.frag */ = {isa = PBXFileReference; fileEncoding = 4; lastKnownFileType = sourcecode.glsl; path = point.frag; sourceTree = "<group>"; };
		0D94B7311D8A9C1900422BD9 /* Window.cpp */ = {isa = PBXFileReference; fileEncoding = 4; lastKnownFileType = sourcecode.cpp.cpp; name = Window.cpp; path = ../../../colopl/BilliardsGL/BilliardsGL/Window.cpp; sourceTree = "<group>"; };
		0D94B7321D8A9C1900422BD9 /* Window.hpp */ = {isa = PBXFileReference; fileEncoding = 4; lastKnownFileType = sourcecode.cpp.h; name = Window.hpp; path = ../../../colopl/BilliardsGL/BilliardsGL/Window.hpp; sourceTree = "<group>"; };
		0D94B7351D8A9C7600422BD9 /* GlobalHeader.h */ = {isa = PBXFileReference; lastKnownFileType = sourcecode.c.h; path = GlobalHeader.h; sourceTree = "<group>"; };
		0D94B7381D8AE64700422BD9 /* GameManager.cpp */ = {isa = PBXFileReference; fileEncoding = 4; lastKnownFileType = sourcecode.cpp.cpp; path = GameManager.cpp; sourceTree = "<group>"; };
		0D94B7391D8AE64700422BD9 /* GameManager.hpp */ = {isa = PBXFileReference; fileEncoding = 4; lastKnownFileType = sourcecode.cpp.h; path = GameManager.hpp; sourceTree = "<group>"; };
		0D94B73D1D8AE6BB00422BD9 /* Singleton.h */ = {isa = PBXFileReference; fileEncoding = 4; lastKnownFileType = sourcecode.c.h; path = Singleton.h; sourceTree = "<group>"; };
		0D9E602C1DB8A8570084591E /* GameScene.cpp */ = {isa = PBXFileReference; fileEncoding = 4; lastKnownFileType = sourcecode.cpp.cpp; path = GameScene.cpp; sourceTree = "<group>"; };
		0D9E602D1DB8A8570084591E /* GameScene.hpp */ = {isa = PBXFileReference; fileEncoding = 4; lastKnownFileType = sourcecode.cpp.h; path = GameScene.hpp; sourceTree = "<group>"; };
		0D9E602F1DB8A8680084591E /* SceneManager.cpp */ = {isa = PBXFileReference; fileEncoding = 4; lastKnownFileType = sourcecode.cpp.cpp; path = SceneManager.cpp; sourceTree = "<group>"; };
		0D9E60301DB8A8680084591E /* SceneManager.hpp */ = {isa = PBXFileReference; fileEncoding = 4; lastKnownFileType = sourcecode.cpp.h; path = SceneManager.hpp; sourceTree = "<group>"; };
		0D9E60321DB8A8A40084591E /* SceneBase.cpp */ = {isa = PBXFileReference; fileEncoding = 4; lastKnownFileType = sourcecode.cpp.cpp; path = SceneBase.cpp; sourceTree = "<group>"; };
		0D9E60331DB8A8A40084591E /* SceneBase.hpp */ = {isa = PBXFileReference; fileEncoding = 4; lastKnownFileType = sourcecode.cpp.h; path = SceneBase.hpp; sourceTree = "<group>"; };
		0D9E603C1DB8AE730084591E /* GameEngineManager.cpp */ = {isa = PBXFileReference; fileEncoding = 4; lastKnownFileType = sourcecode.cpp.cpp; path = GameEngineManager.cpp; sourceTree = "<group>"; };
		0D9E603D1DB8AE730084591E /* GameEngineManager.hpp */ = {isa = PBXFileReference; fileEncoding = 4; lastKnownFileType = sourcecode.cpp.h; path = GameEngineManager.hpp; sourceTree = "<group>"; };
		0D9E603F1DB8B0270084591E /* Scenes.h */ = {isa = PBXFileReference; lastKnownFileType = sourcecode.c.h; path = Scenes.h; sourceTree = "<group>"; };
		0DA841851DB5B830002A7879 /* CameraControllerBase.cpp */ = {isa = PBXFileReference; fileEncoding = 4; lastKnownFileType = sourcecode.cpp.cpp; path = CameraControllerBase.cpp; sourceTree = "<group>"; };
		0DA841861DB5B830002A7879 /* CameraControllerBase.hpp */ = {isa = PBXFileReference; fileEncoding = 4; lastKnownFileType = sourcecode.cpp.h; path = CameraControllerBase.hpp; sourceTree = "<group>"; };
		0DA841881DB5BAC1002A7879 /* Camera.h */ = {isa = PBXFileReference; lastKnownFileType = sourcecode.c.h; path = Camera.h; sourceTree = "<group>"; };
		0DA841891DB5C502002A7879 /* Sample001.vert */ = {isa = PBXFileReference; fileEncoding = 4; lastKnownFileType = sourcecode.glsl; path = Sample001.vert; sourceTree = "<group>"; };
		0DA8418B1DB5C515002A7879 /* Sample001.frag */ = {isa = PBXFileReference; fileEncoding = 4; lastKnownFileType = sourcecode.glsl; path = Sample001.frag; sourceTree = "<group>"; };
		0DA8418C1DB5C52D002A7879 /* Sample002.vert */ = {isa = PBXFileReference; fileEncoding = 4; lastKnownFileType = sourcecode.glsl; path = Sample002.vert; sourceTree = "<group>"; };
		0DA8418D1DB5C538002A7879 /* Sample002.frag */ = {isa = PBXFileReference; fileEncoding = 4; lastKnownFileType = sourcecode.glsl; path = Sample002.frag; sourceTree = "<group>"; };
		0DBF5D111D951CD300A037BA /* FPSCounter.hpp */ = {isa = PBXFileReference; lastKnownFileType = sourcecode.cpp.h; path = FPSCounter.hpp; sourceTree = "<group>"; };
		0DBF5D121D951F5A00A037BA /* FPSCounter.cpp */ = {isa = PBXFileReference; fileEncoding = 4; lastKnownFileType = sourcecode.cpp.cpp; path = FPSCounter.cpp; sourceTree = "<group>"; };
		0DBF5D151D95211800A037BA /* Square.cpp */ = {isa = PBXFileReference; fileEncoding = 4; lastKnownFileType = sourcecode.cpp.cpp; path = Square.cpp; sourceTree = "<group>"; };
		0DBF5D161D95211800A037BA /* Square.hpp */ = {isa = PBXFileReference; fileEncoding = 4; lastKnownFileType = sourcecode.cpp.h; path = Square.hpp; sourceTree = "<group>"; };
		0DBF5D1F1D95237700A037BA /* BaseObject2D.cpp */ = {isa = PBXFileReference; fileEncoding = 4; lastKnownFileType = sourcecode.cpp.cpp; path = BaseObject2D.cpp; sourceTree = "<group>"; };
		0DBF5D201D95237700A037BA /* BaseObject2D.hpp */ = {isa = PBXFileReference; fileEncoding = 4; lastKnownFileType = sourcecode.cpp.h; path = BaseObject2D.hpp; sourceTree = "<group>"; };
		0DF2A1CA1D97E66C00303E07 /* Cube.cpp */ = {isa = PBXFileReference; fileEncoding = 4; lastKnownFileType = sourcecode.cpp.cpp; path = Cube.cpp; sourceTree = "<group>"; };
		0DF2A1CB1D97E66C00303E07 /* Cube.hpp */ = {isa = PBXFileReference; fileEncoding = 4; lastKnownFileType = sourcecode.cpp.h; path = Cube.hpp; sourceTree = "<group>"; };
		0DF2A1CD1D97E95F00303E07 /* BaseModel3D.cpp */ = {isa = PBXFileReference; fileEncoding = 4; lastKnownFileType = sourcecode.cpp.cpp; path = BaseModel3D.cpp; sourceTree = "<group>"; };
		0DF2A1CE1D97E95F00303E07 /* BaseModel3D.hpp */ = {isa = PBXFileReference; fileEncoding = 4; lastKnownFileType = sourcecode.cpp.h; path = BaseModel3D.hpp; sourceTree = "<group>"; };
		0DF2A1D01D97F5E700303E07 /* camera.vert */ = {isa = PBXFileReference; fileEncoding = 4; lastKnownFileType = sourcecode.glsl; path = camera.vert; sourceTree = "<group>"; };
		0DF2A1D11D97F5FC00303E07 /* camera.frag */ = {isa = PBXFileReference; fileEncoding = 4; lastKnownFileType = sourcecode.glsl; path = camera.frag; sourceTree = "<group>"; };
		0DF2A1D51D98BEB200303E07 /* CameraManager.cpp */ = {isa = PBXFileReference; fileEncoding = 4; lastKnownFileType = sourcecode.cpp.cpp; path = CameraManager.cpp; sourceTree = "<group>"; };
		0DF2A1D61D98BEB200303E07 /* CameraManager.hpp */ = {isa = PBXFileReference; fileEncoding = 4; lastKnownFileType = sourcecode.cpp.h; path = CameraManager.hpp; sourceTree = "<group>"; };
		0DF2A1D81D98BF0000303E07 /* PerspectiveCameraController.cpp */ = {isa = PBXFileReference; fileEncoding = 4; lastKnownFileType = sourcecode.cpp.cpp; path = PerspectiveCameraController.cpp; sourceTree = "<group>"; };
		0DF2A1D91D98BF0000303E07 /* PerspectiveCameraController.hpp */ = {isa = PBXFileReference; fileEncoding = 4; lastKnownFileType = sourcecode.cpp.h; path = PerspectiveCameraController.hpp; sourceTree = "<group>"; };
		0DF2A1DB1D98C28D00303E07 /* Base3D.h */ = {isa = PBXFileReference; lastKnownFileType = sourcecode.c.h; path = Base3D.h; sourceTree = "<group>"; };
		0DF2A1DC1D990FEB00303E07 /* Matrix.h */ = {isa = PBXFileReference; lastKnownFileType = sourcecode.c.h; path = Matrix.h; sourceTree = "<group>"; };
		0DF2A1DD1D99265F00303E07 /* LightManager.cpp */ = {isa = PBXFileReference; fileEncoding = 4; lastKnownFileType = sourcecode.cpp.cpp; path = LightManager.cpp; sourceTree = "<group>"; };
		0DF2A1DE1D99265F00303E07 /* LightManager.hpp */ = {isa = PBXFileReference; fileEncoding = 4; lastKnownFileType = sourcecode.cpp.h; path = LightManager.hpp; sourceTree = "<group>"; };
		0DF2A1E51D99281F00303E07 /* LightControllerBase.cpp */ = {isa = PBXFileReference; fileEncoding = 4; lastKnownFileType = sourcecode.cpp.cpp; path = LightControllerBase.cpp; sourceTree = "<group>"; };
		0DF2A1E61D99281F00303E07 /* LightControllerBase.hpp */ = {isa = PBXFileReference; fileEncoding = 4; lastKnownFileType = sourcecode.cpp.h; path = LightControllerBase.hpp; sourceTree = "<group>"; };
		0DF2A1E81D99307400303E07 /* DirectionalLightController.cpp */ = {isa = PBXFileReference; fileEncoding = 4; lastKnownFileType = sourcecode.cpp.cpp; path = DirectionalLightController.cpp; sourceTree = "<group>"; };
		0DF2A1E91D99307400303E07 /* DirectionalLightController.hpp */ = {isa = PBXFileReference; fileEncoding = 4; lastKnownFileType = sourcecode.cpp.h; path = DirectionalLightController.hpp; sourceTree = "<group>"; };
/* End PBXFileReference section */

/* Begin PBXFrameworksBuildPhase section */
		0D02C3E01D8A83360097F8F1 /* Frameworks */ = {
			isa = PBXFrameworksBuildPhase;
			buildActionMask = 2147483647;
			files = (
			);
			runOnlyForDeploymentPostprocessing = 0;
		};
/* End PBXFrameworksBuildPhase section */

/* Begin PBXGroup section */
		0D02C3DA1D8A83360097F8F1 = {
			isa = PBXGroup;
			children = (
				0D02C3E51D8A83360097F8F1 /* BilliardsGL */,
				0D02C3E41D8A83360097F8F1 /* Products */,
			);
			sourceTree = "<group>";
		};
		0D02C3E41D8A83360097F8F1 /* Products */ = {
			isa = PBXGroup;
			children = (
				0D02C3E31D8A83360097F8F1 /* BilliardsGL */,
			);
			name = Products;
			sourceTree = "<group>";
		};
		0D02C3E51D8A83360097F8F1 /* BilliardsGL */ = {
			isa = PBXGroup;
			children = (
				0D9E60401DB8B3C30084591E /* Headers */,
				0D9E60361DB8AD990084591E /* Engine */,
				0D9E603B1DB8AE480084591E /* Project */,
				0D02C3E61D8A83360097F8F1 /* main.cpp */,
			);
			path = BilliardsGL;
			sourceTree = "<group>";
		};
		0D31CB1D1DBADFB900BF8F65 /* Utils */ = {
			isa = PBXGroup;
			children = (
				0D31CB1E1DBADFC800BF8F65 /* Transform.cpp */,
				0D31CB1F1DBADFC800BF8F65 /* Transform.hpp */,
			);
			name = Utils;
			sourceTree = "<group>";
		};
		0D31CB351DBB5E8600BF8F65 /* Object */ = {
			isa = PBXGroup;
			children = (
				0D31CB421DBC4E0A00BF8F65 /* Base */,
				0D31CB3C1DBC492000BF8F65 /* EmptyObject.cpp */,
				0D31CB3D1DBC492000BF8F65 /* EmptyObject.hpp */,
			);
			name = Object;
			sourceTree = "<group>";
		};
		0D31CB421DBC4E0A00BF8F65 /* Base */ = {
			isa = PBXGroup;
			children = (
				0D31CB3F1DBC4C3700BF8F65 /* ObjectBehavior.cpp */,
				0D31CB401DBC4C3700BF8F65 /* ObjectBehavior.hpp */,
				0D31CB361DBB5E9A00BF8F65 /* BaseObject3D.cpp */,
				0D31CB371DBB5E9A00BF8F65 /* BaseObject3D.hpp */,
			);
			name = Base;
			sourceTree = "<group>";
		};
		0D7606B61DA4EE08000031BA /* test */ = {
			isa = PBXGroup;
			children = (
				0D94B72E1D8A971E00422BD9 /* point.vert */,
				0D94B72F1D8A972800422BD9 /* point.frag */,
				0DF2A1D01D97F5E700303E07 /* camera.vert */,
				0DF2A1D11D97F5FC00303E07 /* camera.frag */,
			);
			name = test;
			sourceTree = "<group>";
		};
		0D76070A1DA75D0F000031BA /* Factory */ = {
			isa = PBXGroup;
			children = (
				0D76070B1DA75D1E000031BA /* ObjectFactory.cpp */,
				0D76070C1DA75D1E000031BA /* ObjectFactory.hpp */,
			);
			name = Factory;
			sourceTree = "<group>";
		};
		0D94B72D1D8A970A00422BD9 /* shaders */ = {
			isa = PBXGroup;
			children = (
				0DA8418A1DB5C504002A7879 /* Samples */,
				0D7606B61DA4EE08000031BA /* test */,
				0D7606B91DA5C70C000031BA /* LightTest.vert */,
				0D7606BA1DA5C72A000031BA /* LightTest.frag */,
			);
			name = shaders;
			sourceTree = "<group>";
		};
		0D94B7301D8A9BFA00422BD9 /* Window */ = {
			isa = PBXGroup;
			children = (
				0D94B7311D8A9C1900422BD9 /* Window.cpp */,
				0D94B7321D8A9C1900422BD9 /* Window.hpp */,
			);
			name = Window;
			sourceTree = "<group>";
		};
		0D94B7341D8A9C6000422BD9 /* Headers */ = {
			isa = PBXGroup;
			children = (
				0DF2A1F01D9CB1A600303E07 /* Math */,
				0D7607091DA754EA000031BA /* Models.h */,
			);
			name = Headers;
			sourceTree = "<group>";
		};
		0D94B7361D8AE62300422BD9 /* Managers */ = {
			isa = PBXGroup;
			children = (
				0D9E60451DB8C6F90084591E /* Game */,
			);
			name = Managers;
			sourceTree = "<group>";
		};
		0D94B7371D8AE62900422BD9 /* Controllers */ = {
			isa = PBXGroup;
			children = (
				0D31CB351DBB5E8600BF8F65 /* Object */,
				0D9E60411DB8C5FE0084591E /* Scene */,
				0DF2A1E11D99270300303E07 /* Light */,
				0DF2A1E01D9926F800303E07 /* Camera */,
			);
			name = Controllers;
			sourceTree = "<group>";
		};
		0D94B73B1D8AE68700422BD9 /* Utils */ = {
			isa = PBXGroup;
			children = (
			);
			name = Utils;
			sourceTree = "<group>";
		};
		0D9E602B1DB8A82D0084591E /* Scenes */ = {
			isa = PBXGroup;
			children = (
				0D9E602C1DB8A8570084591E /* GameScene.cpp */,
				0D9E602D1DB8A8570084591E /* GameScene.hpp */,
				0D9E603F1DB8B0270084591E /* Scenes.h */,
			);
			name = Scenes;
			sourceTree = "<group>";
		};
		0D9E60361DB8AD990084591E /* Engine */ = {
			isa = PBXGroup;
			children = (
				0D94B7341D8A9C6000422BD9 /* Headers */,
				0D9E603A1DB8ADF00084591E /* Shaders */,
				0D9E60391DB8ADD70084591E /* Utils */,
				0D9E60381DB8ADC30084591E /* ModelObjects */,
				0D9E60371DB8ADAD0084591E /* Managers */,
				0D94B7371D8AE62900422BD9 /* Controllers */,
				0D94B7301D8A9BFA00422BD9 /* Window */,
			);
			name = Engine;
			sourceTree = "<group>";
		};
		0D9E60371DB8ADAD0084591E /* Managers */ = {
			isa = PBXGroup;
			children = (
				0DF2A1D51D98BEB200303E07 /* CameraManager.cpp */,
				0DF2A1D61D98BEB200303E07 /* CameraManager.hpp */,
				0DF2A1DD1D99265F00303E07 /* LightManager.cpp */,
				0DF2A1DE1D99265F00303E07 /* LightManager.hpp */,
				0D7607061DA75393000031BA /* ObjectManager.cpp */,
				0D7607071DA75393000031BA /* ObjectManager.hpp */,
				0D9E602F1DB8A8680084591E /* SceneManager.cpp */,
				0D9E60301DB8A8680084591E /* SceneManager.hpp */,
				0D9E603C1DB8AE730084591E /* GameEngineManager.cpp */,
				0D9E603D1DB8AE730084591E /* GameEngineManager.hpp */,
			);
			name = Managers;
			sourceTree = "<group>";
		};
		0D9E60381DB8ADC30084591E /* ModelObjects */ = {
			isa = PBXGroup;
			children = (
				0D76070A1DA75D0F000031BA /* Factory */,
				0DBF5D141D9520FF00A037BA /* 2DModels */,
				0DF2A1C91D97E65A00303E07 /* 3DModels */,
			);
			name = ModelObjects;
			sourceTree = "<group>";
		};
		0D9E60391DB8ADD70084591E /* Utils */ = {
			isa = PBXGroup;
			children = (
				0D94B73D1D8AE6BB00422BD9 /* Singleton.h */,
				0DBF5D111D951CD300A037BA /* FPSCounter.hpp */,
				0DBF5D121D951F5A00A037BA /* FPSCounter.cpp */,
				0D1E8F2E1D96454300620688 /* ShaderLoader.cpp */,
				0D1E8F2F1D96454300620688 /* ShaderLoader.hpp */,
				0D7607161DAF6888000031BA /* TextureLoader.cpp */,
				0D7607171DAF6888000031BA /* TextureLoader.hpp */,
			);
			name = Utils;
			sourceTree = "<group>";
		};
		0D9E603A1DB8ADF00084591E /* Shaders */ = {
			isa = PBXGroup;
			children = (
				0D7606B71DA4EE2E000031BA /* Default.vert */,
				0D7606B81DA4EE40000031BA /* Default.frag */,
			);
			name = Shaders;
			sourceTree = "<group>";
		};
		0D9E603B1DB8AE480084591E /* Project */ = {
			isa = PBXGroup;
			children = (
				0D94B7361D8AE62300422BD9 /* Managers */,
				0D9E602B1DB8A82D0084591E /* Scenes */,
				0D94B73B1D8AE68700422BD9 /* Utils */,
				0D94B72D1D8A970A00422BD9 /* shaders */,
			);
			name = Project;
			sourceTree = "<group>";
		};
		0D9E60401DB8B3C30084591E /* Headers */ = {
			isa = PBXGroup;
			children = (
				0D94B7351D8A9C7600422BD9 /* GlobalHeader.h */,
			);
			name = Headers;
			sourceTree = "<group>";
		};
		0D9E60411DB8C5FE0084591E /* Scene */ = {
			isa = PBXGroup;
			children = (
				0D9E60321DB8A8A40084591E /* SceneBase.cpp */,
				0D9E60331DB8A8A40084591E /* SceneBase.hpp */,
			);
			name = Scene;
			sourceTree = "<group>";
		};
		0D9E60451DB8C6F90084591E /* Game */ = {
			isa = PBXGroup;
			children = (
				0D94B7381D8AE64700422BD9 /* GameManager.cpp */,
				0D94B7391D8AE64700422BD9 /* GameManager.hpp */,
			);
			name = Game;
			sourceTree = "<group>";
		};
		0DA8418A1DB5C504002A7879 /* Samples */ = {
			isa = PBXGroup;
			children = (
				0DA841891DB5C502002A7879 /* Sample001.vert */,
				0DA8418B1DB5C515002A7879 /* Sample001.frag */,
				0DA8418C1DB5C52D002A7879 /* Sample002.vert */,
				0DA8418D1DB5C538002A7879 /* Sample002.frag */,
			);
			name = Samples;
			sourceTree = "<group>";
		};
		0DBF5D141D9520FF00A037BA /* 2DModels */ = {
			isa = PBXGroup;
			children = (
				0DBF5D151D95211800A037BA /* Square.cpp */,
				0DBF5D161D95211800A037BA /* Square.hpp */,
				0DBF5D1F1D95237700A037BA /* BaseObject2D.cpp */,
				0DBF5D201D95237700A037BA /* BaseObject2D.hpp */,
			);
			name = 2DModels;
			sourceTree = "<group>";
		};
		0DF2A1C91D97E65A00303E07 /* 3DModels */ = {
			isa = PBXGroup;
			children = (
				0D31CB1D1DBADFB900BF8F65 /* Utils */,
				0DF2A1DB1D98C28D00303E07 /* Base3D.h */,
				0DF2A1CA1D97E66C00303E07 /* Cube.cpp */,
				0DF2A1CB1D97E66C00303E07 /* Cube.hpp */,
				0DF2A1CD1D97E95F00303E07 /* BaseModel3D.cpp */,
				0DF2A1CE1D97E95F00303E07 /* BaseModel3D.hpp */,
				0D76070E1DA78FD6000031BA /* Sphere.cpp */,
				0D76070F1DA78FD6000031BA /* Sphere.hpp */,
			);
			name = 3DModels;
			sourceTree = "<group>";
		};
		0DF2A1E01D9926F800303E07 /* Camera */ = {
			isa = PBXGroup;
			children = (
				0DF2A1D81D98BF0000303E07 /* PerspectiveCameraController.cpp */,
				0DF2A1D91D98BF0000303E07 /* PerspectiveCameraController.hpp */,
				0DA841851DB5B830002A7879 /* CameraControllerBase.cpp */,
				0DA841861DB5B830002A7879 /* CameraControllerBase.hpp */,
				0DA841881DB5BAC1002A7879 /* Camera.h */,
			);
			name = Camera;
			sourceTree = "<group>";
		};
		0DF2A1E11D99270300303E07 /* Light */ = {
			isa = PBXGroup;
			children = (
				0DF2A1E51D99281F00303E07 /* LightControllerBase.cpp */,
				0DF2A1E61D99281F00303E07 /* LightControllerBase.hpp */,
				0DF2A1E81D99307400303E07 /* DirectionalLightController.cpp */,
				0DF2A1E91D99307400303E07 /* DirectionalLightController.hpp */,
			);
			name = Light;
			sourceTree = "<group>";
		};
		0DF2A1F01D9CB1A600303E07 /* Math */ = {
			isa = PBXGroup;
			children = (
				0DF2A1DC1D990FEB00303E07 /* Matrix.h */,
				0D31CB241DBAE2F800BF8F65 /* Vector3D.cpp */,
				0D31CB251DBAE2F800BF8F65 /* Vector3D.hpp */,
				0D31CB271DBAE45F00BF8F65 /* Vector4D.cpp */,
				0D31CB281DBAE45F00BF8F65 /* Vector4D.hpp */,
				0D31CB2A1DBAE51E00BF8F65 /* Quaternion.cpp */,
				0D31CB2B1DBAE51E00BF8F65 /* Quaternion.hpp */,
				0D31CB2D1DBAE5D900BF8F65 /* Matrix4D.cpp */,
				0D31CB2E1DBAE5D900BF8F65 /* Matrix4D.hpp */,
			);
			name = Math;
			sourceTree = "<group>";
		};
/* End PBXGroup section */

/* Begin PBXNativeTarget section */
		0D02C3E21D8A83360097F8F1 /* BilliardsGL */ = {
			isa = PBXNativeTarget;
			buildConfigurationList = 0D02C3EA1D8A83360097F8F1 /* Build configuration list for PBXNativeTarget "BilliardsGL" */;
			buildPhases = (
				0D02C3DF1D8A83360097F8F1 /* Sources */,
				0D02C3E01D8A83360097F8F1 /* Frameworks */,
				0D02C3E11D8A83360097F8F1 /* CopyFiles */,
			);
			buildRules = (
			);
			dependencies = (
			);
			name = BilliardsGL;
			productName = BilliardsGL;
			productReference = 0D02C3E31D8A83360097F8F1 /* BilliardsGL */;
			productType = "com.apple.product-type.tool";
		};
/* End PBXNativeTarget section */

/* Begin PBXProject section */
		0D02C3DB1D8A83360097F8F1 /* Project object */ = {
			isa = PBXProject;
			attributes = {
				LastUpgradeCheck = 0800;
				ORGANIZATIONNAME = "比佐 幸基";
				TargetAttributes = {
					0D02C3E21D8A83360097F8F1 = {
						CreatedOnToolsVersion = 7.3.1;
					};
				};
			};
			buildConfigurationList = 0D02C3DE1D8A83360097F8F1 /* Build configuration list for PBXProject "BilliardsGL" */;
			compatibilityVersion = "Xcode 3.2";
			developmentRegion = English;
			hasScannedForEncodings = 0;
			knownRegions = (
				en,
			);
			mainGroup = 0D02C3DA1D8A83360097F8F1;
			productRefGroup = 0D02C3E41D8A83360097F8F1 /* Products */;
			projectDirPath = "";
			projectRoot = "";
			targets = (
				0D02C3E21D8A83360097F8F1 /* BilliardsGL */,
			);
		};
/* End PBXProject section */

/* Begin PBXSourcesBuildPhase section */
		0D02C3DF1D8A83360097F8F1 /* Sources */ = {
			isa = PBXSourcesBuildPhase;
			buildActionMask = 2147483647;
			files = (
				0DF2A1CC1D97E66C00303E07 /* Cube.cpp in Sources */,
				0D76070D1DA75D1E000031BA /* ObjectFactory.cpp in Sources */,
				0DF2A1EA1D99307400303E07 /* DirectionalLightController.cpp in Sources */,
				0D31CB261DBAE2F800BF8F65 /* Vector3D.cpp in Sources */,
				0D31CB291DBAE45F00BF8F65 /* Vector4D.cpp in Sources */,
				0DBF5D171D95211800A037BA /* Square.cpp in Sources */,
				0D31CB2F1DBAE5D900BF8F65 /* Matrix4D.cpp in Sources */,
				0D31CB411DBC4C3700BF8F65 /* ObjectBehavior.cpp in Sources */,
				0DBF5D211D95237700A037BA /* BaseObject2D.cpp in Sources */,
				0DF2A1D71D98BEB200303E07 /* CameraManager.cpp in Sources */,
				0DF2A1DF1D99265F00303E07 /* LightManager.cpp in Sources */,
				0D7607101DA78FD6000031BA /* Sphere.cpp in Sources */,
				0DF2A1CF1D97E95F00303E07 /* BaseModel3D.cpp in Sources */,
				0DF2A1E71D99281F00303E07 /* LightControllerBase.cpp in Sources */,
				0D7607181DAF6888000031BA /* TextureLoader.cpp in Sources */,
				0D1E8F301D96454300620688 /* ShaderLoader.cpp in Sources */,
				0D9E603E1DB8AE730084591E /* GameEngineManager.cpp in Sources */,
				0DBF5D131D951F5A00A037BA /* FPSCounter.cpp in Sources */,
				0D02C3E71D8A83360097F8F1 /* main.cpp in Sources */,
				0D31CB3E1DBC492000BF8F65 /* EmptyObject.cpp in Sources */,
				0D9E60311DB8A8680084591E /* SceneManager.cpp in Sources */,
				0D31CB381DBB5E9A00BF8F65 /* BaseObject3D.cpp in Sources */,
				0D9E60341DB8A8A40084591E /* SceneBase.cpp in Sources */,
				0D94B73A1D8AE64700422BD9 /* GameManager.cpp in Sources */,
				0D31CB2C1DBAE51E00BF8F65 /* Quaternion.cpp in Sources */,
				0D31CB201DBADFC800BF8F65 /* Transform.cpp in Sources */,
				0DA841871DB5B830002A7879 /* CameraControllerBase.cpp in Sources */,
				0D9E602E1DB8A8570084591E /* GameScene.cpp in Sources */,
				0DF2A1DA1D98BF0000303E07 /* PerspectiveCameraController.cpp in Sources */,
				0D94B7331D8A9C1900422BD9 /* Window.cpp in Sources */,
				0D7607081DA75393000031BA /* ObjectManager.cpp in Sources */,
			);
			runOnlyForDeploymentPostprocessing = 0;
		};
/* End PBXSourcesBuildPhase section */

/* Begin XCBuildConfiguration section */
		0D02C3E81D8A83360097F8F1 /* Debug */ = {
			isa = XCBuildConfiguration;
			buildSettings = {
				ALWAYS_SEARCH_USER_PATHS = NO;
				CLANG_ANALYZER_NONNULL = YES;
				CLANG_CXX_LANGUAGE_STANDARD = "gnu++0x";
				CLANG_CXX_LIBRARY = "libc++";
				CLANG_ENABLE_MODULES = YES;
				CLANG_ENABLE_OBJC_ARC = YES;
				CLANG_WARN_BOOL_CONVERSION = YES;
				CLANG_WARN_CONSTANT_CONVERSION = YES;
				CLANG_WARN_DIRECT_OBJC_ISA_USAGE = YES_ERROR;
				CLANG_WARN_EMPTY_BODY = YES;
				CLANG_WARN_ENUM_CONVERSION = YES;
				CLANG_WARN_INFINITE_RECURSION = YES;
				CLANG_WARN_INT_CONVERSION = YES;
				CLANG_WARN_OBJC_ROOT_CLASS = YES_ERROR;
				CLANG_WARN_SUSPICIOUS_MOVE = YES;
				CLANG_WARN_UNREACHABLE_CODE = YES;
				CLANG_WARN__DUPLICATE_METHOD_MATCH = YES;
				CODE_SIGN_IDENTITY = "-";
				COPY_PHASE_STRIP = NO;
				DEBUG_INFORMATION_FORMAT = dwarf;
				ENABLE_STRICT_OBJC_MSGSEND = YES;
				ENABLE_TESTABILITY = YES;
				GCC_C_LANGUAGE_STANDARD = gnu99;
				GCC_DYNAMIC_NO_PIC = NO;
				GCC_NO_COMMON_BLOCKS = YES;
				GCC_OPTIMIZATION_LEVEL = 0;
				GCC_PREPROCESSOR_DEFINITIONS = (
					"DEBUG=1",
					"$(inherited)",
				);
				GCC_WARN_64_TO_32_BIT_CONVERSION = YES;
				GCC_WARN_ABOUT_RETURN_TYPE = YES_ERROR;
				GCC_WARN_UNDECLARED_SELECTOR = YES;
				GCC_WARN_UNINITIALIZED_AUTOS = YES_AGGRESSIVE;
				GCC_WARN_UNUSED_FUNCTION = YES;
				GCC_WARN_UNUSED_VARIABLE = YES;
				MACOSX_DEPLOYMENT_TARGET = 10.11;
				MTL_ENABLE_DEBUG_INFO = YES;
				ONLY_ACTIVE_ARCH = YES;
				SDKROOT = macosx;
			};
			name = Debug;
		};
		0D02C3E91D8A83360097F8F1 /* Release */ = {
			isa = XCBuildConfiguration;
			buildSettings = {
				ALWAYS_SEARCH_USER_PATHS = NO;
				CLANG_ANALYZER_NONNULL = YES;
				CLANG_CXX_LANGUAGE_STANDARD = "gnu++0x";
				CLANG_CXX_LIBRARY = "libc++";
				CLANG_ENABLE_MODULES = YES;
				CLANG_ENABLE_OBJC_ARC = YES;
				CLANG_WARN_BOOL_CONVERSION = YES;
				CLANG_WARN_CONSTANT_CONVERSION = YES;
				CLANG_WARN_DIRECT_OBJC_ISA_USAGE = YES_ERROR;
				CLANG_WARN_EMPTY_BODY = YES;
				CLANG_WARN_ENUM_CONVERSION = YES;
				CLANG_WARN_INFINITE_RECURSION = YES;
				CLANG_WARN_INT_CONVERSION = YES;
				CLANG_WARN_OBJC_ROOT_CLASS = YES_ERROR;
				CLANG_WARN_SUSPICIOUS_MOVE = YES;
				CLANG_WARN_UNREACHABLE_CODE = YES;
				CLANG_WARN__DUPLICATE_METHOD_MATCH = YES;
				CODE_SIGN_IDENTITY = "-";
				COPY_PHASE_STRIP = NO;
				DEBUG_INFORMATION_FORMAT = "dwarf-with-dsym";
				ENABLE_NS_ASSERTIONS = NO;
				ENABLE_STRICT_OBJC_MSGSEND = YES;
				GCC_C_LANGUAGE_STANDARD = gnu99;
				GCC_NO_COMMON_BLOCKS = YES;
				GCC_WARN_64_TO_32_BIT_CONVERSION = YES;
				GCC_WARN_ABOUT_RETURN_TYPE = YES_ERROR;
				GCC_WARN_UNDECLARED_SELECTOR = YES;
				GCC_WARN_UNINITIALIZED_AUTOS = YES_AGGRESSIVE;
				GCC_WARN_UNUSED_FUNCTION = YES;
				GCC_WARN_UNUSED_VARIABLE = YES;
				MACOSX_DEPLOYMENT_TARGET = 10.11;
				MTL_ENABLE_DEBUG_INFO = NO;
				SDKROOT = macosx;
			};
			name = Release;
		};
		0D02C3EB1D8A83360097F8F1 /* Debug */ = {
			isa = XCBuildConfiguration;
			buildSettings = {
				HEADER_SEARCH_PATHS = ./BilliardsGL/library/include;
				LIBRARY_SEARCH_PATHS = ./BilliardsGL/library/lib;
				ONLY_ACTIVE_ARCH = YES;
				OTHER_LDFLAGS = (
					"-lglfw3",
					"-lGLEW",
					"-lSOIL",
					"-framework",
					OpenGL,
					"-framework",
					CoreVideo,
					"-framework",
					IOKit,
					"-framework",
					Cocoa,
				);
				PRODUCT_NAME = "$(TARGET_NAME)";
			};
			name = Debug;
		};
		0D02C3EC1D8A83360097F8F1 /* Release */ = {
			isa = XCBuildConfiguration;
			buildSettings = {
				HEADER_SEARCH_PATHS = ./BilliardsGL/library/include;
				LIBRARY_SEARCH_PATHS = ./BilliardsGL/library/lib;
				ONLY_ACTIVE_ARCH = NO;
				OTHER_LDFLAGS = (
					"-lglfw3",
					"-lGLEW",
					"-lSOIL",
					"-framework",
					OpenGL,
					"-framework",
					CoreVideo,
					"-framework",
					IOKit,
					"-framework",
					Cocoa,
				);
				PRODUCT_NAME = "$(TARGET_NAME)";
			};
			name = Release;
		};
/* End XCBuildConfiguration section */

/* Begin XCConfigurationList section */
		0D02C3DE1D8A83360097F8F1 /* Build configuration list for PBXProject "BilliardsGL" */ = {
			isa = XCConfigurationList;
			buildConfigurations = (
				0D02C3E81D8A83360097F8F1 /* Debug */,
				0D02C3E91D8A83360097F8F1 /* Release */,
			);
			defaultConfigurationIsVisible = 0;
			defaultConfigurationName = Release;
		};
		0D02C3EA1D8A83360097F8F1 /* Build configuration list for PBXNativeTarget "BilliardsGL" */ = {
			isa = XCConfigurationList;
			buildConfigurations = (
				0D02C3EB1D8A83360097F8F1 /* Debug */,
				0D02C3EC1D8A83360097F8F1 /* Release */,
			);
			defaultConfigurationIsVisible = 0;
			defaultConfigurationName = Release;
		};
/* End XCConfigurationList section */
	};
	rootObject = 0D02C3DB1D8A83360097F8F1 /* Project object */;
}
